// !$*UTF8*$!
{
	archiveVersion = 1;
	classes = {
	};
	objectVersion = 46;
	objects = {

/* Begin PBXBuildFile section */
		4A014D9B1F5579E6005D273E /* new.gif in Resources */ = {isa = PBXBuildFile; fileRef = 4A014D9A1F5579E6005D273E /* new.gif */; };
		4A037D221F2851A600F38AC0 /* Assets.xcassets in Resources */ = {isa = PBXBuildFile; fileRef = 4A037D211F2851A600F38AC0 /* Assets.xcassets */; };
		4A037D301F2851A600F38AC0 /* NewApix_YKTests.m in Sources */ = {isa = PBXBuildFile; fileRef = 4A037D2F1F2851A600F38AC0 /* NewApix_YKTests.m */; };
		4A037D3B1F2851A600F38AC0 /* NewApix_YKUITests.m in Sources */ = {isa = PBXBuildFile; fileRef = 4A037D3A1F2851A600F38AC0 /* NewApix_YKUITests.m */; };
		4A052F801F7113B8003EE147 /* areaArray.plist in Resources */ = {isa = PBXBuildFile; fileRef = 4A052F7F1F7113B8003EE147 /* areaArray.plist */; };
		4A0959991F8B5988008164B6 /* NABankCardsController.m in Sources */ = {isa = PBXBuildFile; fileRef = 4A0959981F8B5988008164B6 /* NABankCardsController.m */; };
		4A09599D1F8B59B7008164B6 /* NABankCardCell.m in Sources */ = {isa = PBXBuildFile; fileRef = 4A09599B1F8B59B7008164B6 /* NABankCardCell.m */; };
		4A09599E1F8B59B7008164B6 /* NABankCardCell.xib in Resources */ = {isa = PBXBuildFile; fileRef = 4A09599C1F8B59B7008164B6 /* NABankCardCell.xib */; };
		4A0959A11F8B67EC008164B6 /* NABankCardModel.m in Sources */ = {isa = PBXBuildFile; fileRef = 4A0959A01F8B67EC008164B6 /* NABankCardModel.m */; };
		4A2837B81F501B28001B065C /* NANewMainPageController.m in Sources */ = {isa = PBXBuildFile; fileRef = 4A2837B71F501B28001B065C /* NANewMainPageController.m */; };
		4A2837BC1F502120001B065C /* NAForgetPasswordController.m in Sources */ = {isa = PBXBuildFile; fileRef = 4A2837BA1F502120001B065C /* NAForgetPasswordController.m */; };
		4A2837BD1F502120001B065C /* NAForgetPasswordController.xib in Resources */ = {isa = PBXBuildFile; fileRef = 4A2837BB1F502120001B065C /* NAForgetPasswordController.xib */; };
		4A2837C11F502B47001B065C /* NAPhoneLoginController.m in Sources */ = {isa = PBXBuildFile; fileRef = 4A2837BF1F502B47001B065C /* NAPhoneLoginController.m */; };
		4A2837C21F502B47001B065C /* NAPhoneLoginController.xib in Resources */ = {isa = PBXBuildFile; fileRef = 4A2837C01F502B47001B065C /* NAPhoneLoginController.xib */; };
		4A59ACE51F5FD5DC00F3172B /* NACreditReportController.m in Sources */ = {isa = PBXBuildFile; fileRef = 4A59ACE41F5FD5DC00F3172B /* NACreditReportController.m */; };
		4A59ACE81F5FD67F00F3172B /* NAMeixinVIPController.m in Sources */ = {isa = PBXBuildFile; fileRef = 4A59ACE71F5FD67F00F3172B /* NAMeixinVIPController.m */; };
		4A59ACEB1F5FDD1300F3172B /* UIView+NAScreenshot.m in Sources */ = {isa = PBXBuildFile; fileRef = 4A59ACEA1F5FDD1300F3172B /* UIView+NAScreenshot.m */; };
		4A59ACEE1F5FDD4A00F3172B /* UIScrollView+NAScreenshot.m in Sources */ = {isa = PBXBuildFile; fileRef = 4A59ACED1F5FDD4A00F3172B /* UIScrollView+NAScreenshot.m */; };
		4A6381631F38414D008BC8FD /* NAMainPageCell.m in Sources */ = {isa = PBXBuildFile; fileRef = 4A6381611F38414D008BC8FD /* NAMainPageCell.m */; };
		4A6381641F38414D008BC8FD /* NAMainPageCell.xib in Resources */ = {isa = PBXBuildFile; fileRef = 4A6381621F38414D008BC8FD /* NAMainPageCell.xib */; };
		4A6381671F3841D5008BC8FD /* NAMainCardModel.m in Sources */ = {isa = PBXBuildFile; fileRef = 4A6381661F3841D5008BC8FD /* NAMainCardModel.m */; };
		4A63816A1F384F71008BC8FD /* NABannerView.m in Sources */ = {isa = PBXBuildFile; fileRef = 4A6381691F384F71008BC8FD /* NABannerView.m */; };
		4A6B14121F98A3A2008CD7FA /* NAAuthenticationWebController.m in Sources */ = {isa = PBXBuildFile; fileRef = 4A6B14111F98A3A2008CD7FA /* NAAuthenticationWebController.m */; };
		4A6B14141F98B96E008CD7FA /* face@2x.png in Resources */ = {isa = PBXBuildFile; fileRef = 4A6B14131F98B96D008CD7FA /* face@2x.png */; };
		4A7315441F3D604B00044FE6 /* NACommonWebController.m in Sources */ = {isa = PBXBuildFile; fileRef = 4A7315431F3D604B00044FE6 /* NACommonWebController.m */; };
		4A7315471F3D969800044FE6 /* NSAttributedString+NAExtension.m in Sources */ = {isa = PBXBuildFile; fileRef = 4A7315461F3D969800044FE6 /* NSAttributedString+NAExtension.m */; };
		4A7850571F7E3764000C2AD5 /* NAAddressModel.m in Sources */ = {isa = PBXBuildFile; fileRef = 4A7850511F7E3618000C2AD5 /* NAAddressModel.m */; };
		4A7850581F7E3764000C2AD5 /* NAAddressController.m in Sources */ = {isa = PBXBuildFile; fileRef = 4A7850531F7E3723000C2AD5 /* NAAddressController.m */; };
		4A7850591F7E3764000C2AD5 /* NASettingsController.m in Sources */ = {isa = PBXBuildFile; fileRef = 4A7850521F7E3723000C2AD5 /* NASettingsController.m */; };
		4A78505A1F7E3785000C2AD5 /* NAAddressController.xib in Resources */ = {isa = PBXBuildFile; fileRef = 4A7850551F7E3724000C2AD5 /* NAAddressController.xib */; };
		4A78505E1F7E3FC3000C2AD5 /* NAChangePasswordController.m in Sources */ = {isa = PBXBuildFile; fileRef = 4A78505C1F7E3FC3000C2AD5 /* NAChangePasswordController.m */; };
		4A78505F1F7E3FC3000C2AD5 /* NAChangePasswordController.xib in Resources */ = {isa = PBXBuildFile; fileRef = 4A78505D1F7E3FC3000C2AD5 /* NAChangePasswordController.xib */; };
		4A7850631F7E4017000C2AD5 /* NAChangePhoneController.m in Sources */ = {isa = PBXBuildFile; fileRef = 4A7850611F7E4017000C2AD5 /* NAChangePhoneController.m */; };
		4A7850641F7E4017000C2AD5 /* NAChangePhoneController.xib in Resources */ = {isa = PBXBuildFile; fileRef = 4A7850621F7E4017000C2AD5 /* NAChangePhoneController.xib */; };
		4A7850681F7E4FB5000C2AD5 /* NANewPhoneController.m in Sources */ = {isa = PBXBuildFile; fileRef = 4A7850661F7E4FB5000C2AD5 /* NANewPhoneController.m */; };
		4A7850691F7E4FB5000C2AD5 /* NANewPhoneController.xib in Resources */ = {isa = PBXBuildFile; fileRef = 4A7850671F7E4FB5000C2AD5 /* NANewPhoneController.xib */; };
		4A7E03421F94A19300939486 /* NAIDUserFaceController.m in Sources */ = {isa = PBXBuildFile; fileRef = 4A7E03401F94A19300939486 /* NAIDUserFaceController.m */; };
		4A7E03431F94A19300939486 /* NAIDUserFaceController.xib in Resources */ = {isa = PBXBuildFile; fileRef = 4A7E03411F94A19300939486 /* NAIDUserFaceController.xib */; };
		4A7E03471F94BC8D00939486 /* NAIDFaceCameraController.m in Sources */ = {isa = PBXBuildFile; fileRef = 4A7E03451F94BC8D00939486 /* NAIDFaceCameraController.m */; };
		4A7E03481F94BC8D00939486 /* NAIDFaceCameraController.xib in Resources */ = {isa = PBXBuildFile; fileRef = 4A7E03461F94BC8D00939486 /* NAIDFaceCameraController.xib */; };
		4A7F952B1F7A5123003D7FB6 /* UINavigationController+NAStatusBar.m in Sources */ = {isa = PBXBuildFile; fileRef = 4A7F952A1F7A5123003D7FB6 /* UINavigationController+NAStatusBar.m */; };
		4A8B10331F8F17DA00498F9D /* NAAuthenticationModel.m in Sources */ = {isa = PBXBuildFile; fileRef = 4A8B102F1F8F16BE00498F9D /* NAAuthenticationModel.m */; };
		4A8B10371F8F486A00498F9D /* NAIDAuthenticationController.m in Sources */ = {isa = PBXBuildFile; fileRef = 4A8B10351F8F486A00498F9D /* NAIDAuthenticationController.m */; };
		4A8B10381F8F486A00498F9D /* NAIDAuthenticationController.xib in Resources */ = {isa = PBXBuildFile; fileRef = 4A8B10361F8F486A00498F9D /* NAIDAuthenticationController.xib */; };
		4A8F18C91F41AD7800B5459A /* NAEssenceCell.m in Sources */ = {isa = PBXBuildFile; fileRef = 4A8F18C71F41AD7800B5459A /* NAEssenceCell.m */; };
		4A8F18CA1F41AD7800B5459A /* NAEssenceCell.xib in Resources */ = {isa = PBXBuildFile; fileRef = 4A8F18C81F41AD7800B5459A /* NAEssenceCell.xib */; };
		4A8F18CE1F41ADBC00B5459A /* NACommunityCell.m in Sources */ = {isa = PBXBuildFile; fileRef = 4A8F18CC1F41ADBC00B5459A /* NACommunityCell.m */; };
		4A8F18CF1F41ADBC00B5459A /* NACommunityCell.xib in Resources */ = {isa = PBXBuildFile; fileRef = 4A8F18CD1F41ADBC00B5459A /* NACommunityCell.xib */; };
		4AA684DD1F6671DD0041BB2D /* NAPresentCenterController.m in Sources */ = {isa = PBXBuildFile; fileRef = 4AA684DB1F6671DD0041BB2D /* NAPresentCenterController.m */; };
		4AA684DE1F6671DD0041BB2D /* NAPresentCenterController.xib in Resources */ = {isa = PBXBuildFile; fileRef = 4AA684DC1F6671DD0041BB2D /* NAPresentCenterController.xib */; };
		4AA684E81F667C540041BB2D /* NAPresentSuccessController.m in Sources */ = {isa = PBXBuildFile; fileRef = 4AA684E61F667C540041BB2D /* NAPresentSuccessController.m */; };
		4AA684E91F667C540041BB2D /* NAPresentSuccessController.xib in Resources */ = {isa = PBXBuildFile; fileRef = 4AA684E71F667C540041BB2D /* NAPresentSuccessController.xib */; };
		4AA8ADB51F8CADCA00B27223 /* NAAddCardController.m in Sources */ = {isa = PBXBuildFile; fileRef = 4AA8ADB31F8CADCA00B27223 /* NAAddCardController.m */; };
		4AA8ADB61F8CADCA00B27223 /* NAAddCardController.xib in Resources */ = {isa = PBXBuildFile; fileRef = 4AA8ADB41F8CADCA00B27223 /* NAAddCardController.xib */; };
		4AA9AF1F1F6B83CC0061AD1F /* NAPickerView.m in Sources */ = {isa = PBXBuildFile; fileRef = 4AA9AF1E1F6B83CC0061AD1F /* NAPickerView.m */; };
		4AAEED961F4C083300055CF1 /* NAMineModel.m in Sources */ = {isa = PBXBuildFile; fileRef = 4AAEED951F4C083300055CF1 /* NAMineModel.m */; };
		4AAEED9C1F4C15AF00055CF1 /* NAAPIModel.m in Sources */ = {isa = PBXBuildFile; fileRef = 4AAEED9B1F4C15AF00055CF1 /* NAAPIModel.m */; };
		4AAEED9F1F4C16DD00055CF1 /* NAURLCenter.m in Sources */ = {isa = PBXBuildFile; fileRef = 4AAEED9E1F4C16DD00055CF1 /* NAURLCenter.m */; };
		4AAEEDA71F4C272D00055CF1 /* NANavigationController.m in Sources */ = {isa = PBXBuildFile; fileRef = 4AAEEDA21F4C272D00055CF1 /* NANavigationController.m */; };
		4AAEEDA81F4C272D00055CF1 /* NATabbarController.m in Sources */ = {isa = PBXBuildFile; fileRef = 4AAEEDA41F4C272D00055CF1 /* NATabbarController.m */; };
		4AAEEDA91F4C272D00055CF1 /* NAViewControllerCenter.m in Sources */ = {isa = PBXBuildFile; fileRef = 4AAEEDA61F4C272D00055CF1 /* NAViewControllerCenter.m */; };
		4AAEEDAD1F4C277100055CF1 /* NAUserTool.m in Sources */ = {isa = PBXBuildFile; fileRef = 4AAEEDAC1F4C277100055CF1 /* NAUserTool.m */; };
		4AB108111F7F9DEA00F02864 /* NAAboutUsController.m in Sources */ = {isa = PBXBuildFile; fileRef = 4AB1080F1F7F9DEA00F02864 /* NAAboutUsController.m */; };
		4AB108121F7F9DEA00F02864 /* NAAboutUsController.xib in Resources */ = {isa = PBXBuildFile; fileRef = 4AB108101F7F9DEA00F02864 /* NAAboutUsController.xib */; };
		4AC6CA431F2F23D500A9308F /* NAMainPageController.m in Sources */ = {isa = PBXBuildFile; fileRef = 4AC6CA411F2F23D500A9308F /* NAMainPageController.m */; };
		4AC6CA441F2F23D500A9308F /* NAMainPageController.xib in Resources */ = {isa = PBXBuildFile; fileRef = 4AC6CA421F2F23D500A9308F /* NAMainPageController.xib */; };
		4AC6CA481F2F248500A9308F /* NALoginController.m in Sources */ = {isa = PBXBuildFile; fileRef = 4AC6CA461F2F248500A9308F /* NALoginController.m */; };
		4AC6CA491F2F248500A9308F /* NALoginController.xib in Resources */ = {isa = PBXBuildFile; fileRef = 4AC6CA471F2F248500A9308F /* NALoginController.xib */; };
		4AC6CA4D1F2F249C00A9308F /* NARegisterController.m in Sources */ = {isa = PBXBuildFile; fileRef = 4AC6CA4B1F2F249C00A9308F /* NARegisterController.m */; };
		4AC6CA4E1F2F249C00A9308F /* NARegisterController.xib in Resources */ = {isa = PBXBuildFile; fileRef = 4AC6CA4C1F2F249C00A9308F /* NARegisterController.xib */; };
		4AC6CA521F2F24B800A9308F /* NAMeixinSayController.m in Sources */ = {isa = PBXBuildFile; fileRef = 4AC6CA501F2F24B800A9308F /* NAMeixinSayController.m */; };
		4AC6CA571F2F24C800A9308F /* NAMineController.m in Sources */ = {isa = PBXBuildFile; fileRef = 4AC6CA551F2F24C800A9308F /* NAMineController.m */; };
		4ACF3CF61F4EBCC80030945B /* NAKeyChain.m in Sources */ = {isa = PBXBuildFile; fileRef = 4ACF3CF51F4EBCC80030945B /* NAKeyChain.m */; };
		4AD52E1F1F8E262300BA9A5A /* bankType.plist in Resources */ = {isa = PBXBuildFile; fileRef = 4AD52E1E1F8E216300BA9A5A /* bankType.plist */; };
		4AF392781F46D41200EF7A3B /* NAEssenceModel.m in Sources */ = {isa = PBXBuildFile; fileRef = 4AF392771F46D41200EF7A3B /* NAEssenceModel.m */; };
		4AF3927B1F46D44500EF7A3B /* NACommunityModel.m in Sources */ = {isa = PBXBuildFile; fileRef = 4AF3927A1F46D44500EF7A3B /* NACommunityModel.m */; };
		4AF3927F1F46D52200EF7A3B /* NAAdvertisementCell.m in Sources */ = {isa = PBXBuildFile; fileRef = 4AF3927D1F46D52200EF7A3B /* NAAdvertisementCell.m */; };
		4AF392801F46D52200EF7A3B /* NAAdvertisementCell.xib in Resources */ = {isa = PBXBuildFile; fileRef = 4AF3927E1F46D52200EF7A3B /* NAAdvertisementCell.xib */; };
		4AF392841F46E67F00EF7A3B /* NAMineCell.m in Sources */ = {isa = PBXBuildFile; fileRef = 4AF392821F46E67F00EF7A3B /* NAMineCell.m */; };
		4AF392851F46E67F00EF7A3B /* NAMineCell.xib in Resources */ = {isa = PBXBuildFile; fileRef = 4AF392831F46E67F00EF7A3B /* NAMineCell.xib */; };
		4AF392881F46E69600EF7A3B /* NAMineHeaderView.m in Sources */ = {isa = PBXBuildFile; fileRef = 4AF392871F46E69600EF7A3B /* NAMineHeaderView.m */; };
		4AFCA9421F346B3D00351B04 /* AppDelegate.m in Sources */ = {isa = PBXBuildFile; fileRef = 4AFCA93E1F346B3D00351B04 /* AppDelegate.m */; };
		4AFCA9441F346B3D00351B04 /* main.m in Sources */ = {isa = PBXBuildFile; fileRef = 4AFCA9401F346B3D00351B04 /* main.m */; };
		4AFCA9601F346C3500351B04 /* NANoNetworkView.m in Sources */ = {isa = PBXBuildFile; fileRef = 4AFCA94A1F346C3500351B04 /* NANoNetworkView.m */; };
		4AFCA9611F346C3500351B04 /* NABaseViewController.m in Sources */ = {isa = PBXBuildFile; fileRef = 4AFCA94D1F346C3500351B04 /* NABaseViewController.m */; };
		4AFCA9621F346C3500351B04 /* NSString+NAExtension.m in Sources */ = {isa = PBXBuildFile; fileRef = 4AFCA9501F346C3500351B04 /* NSString+NAExtension.m */; };
		4AFCA9631F346C3500351B04 /* UIColor+NAExtension.m in Sources */ = {isa = PBXBuildFile; fileRef = 4AFCA9521F346C3500351B04 /* UIColor+NAExtension.m */; };
		4AFCA9641F346C3500351B04 /* UIImage+NAExtension.m in Sources */ = {isa = PBXBuildFile; fileRef = 4AFCA9541F346C3500351B04 /* UIImage+NAExtension.m */; };
		4AFCA9651F346C3500351B04 /* UIView+NAExtension.m in Sources */ = {isa = PBXBuildFile; fileRef = 4AFCA9561F346C3500351B04 /* UIView+NAExtension.m */; };
		4AFCA9661F346C3500351B04 /* NACommon.m in Sources */ = {isa = PBXBuildFile; fileRef = 4AFCA9581F346C3500351B04 /* NACommon.m */; };
		4AFCA9691F346C3500351B04 /* NAHTTPSessionManager.m in Sources */ = {isa = PBXBuildFile; fileRef = 4AFCA95F1F346C3500351B04 /* NAHTTPSessionManager.m */; };
		4AFF28D81F4AC70700964EBC /* NAMineOrderModel.m in Sources */ = {isa = PBXBuildFile; fileRef = 4AFF28D71F4AC70700964EBC /* NAMineOrderModel.m */; };
		4AFF28DB1F4AC8C000964EBC /* NAUserInfoModel.m in Sources */ = {isa = PBXBuildFile; fileRef = 4AFF28DA1F4AC8C000964EBC /* NAUserInfoModel.m */; };
		5659670D1F861FFA007B686E /* NACommonQuestionsController.m in Sources */ = {isa = PBXBuildFile; fileRef = 5659670C1F861FFA007B686E /* NACommonQuestionsController.m */; };
		AD1A4A1E9100EDF0E93DECC4 /* libPods-NewApix_YK.a in Frameworks */ = {isa = PBXBuildFile; fileRef = 74069947806DD1A74BF89138 /* libPods-NewApix_YK.a */; };
/* End PBXBuildFile section */

/* Begin PBXContainerItemProxy section */
		4A037D2C1F2851A600F38AC0 /* PBXContainerItemProxy */ = {
			isa = PBXContainerItemProxy;
			containerPortal = 4A037D0A1F2851A600F38AC0 /* Project object */;
			proxyType = 1;
			remoteGlobalIDString = 4A037D111F2851A600F38AC0;
			remoteInfo = NewApix_YK;
		};
		4A037D371F2851A600F38AC0 /* PBXContainerItemProxy */ = {
			isa = PBXContainerItemProxy;
			containerPortal = 4A037D0A1F2851A600F38AC0 /* Project object */;
			proxyType = 1;
			remoteGlobalIDString = 4A037D111F2851A600F38AC0;
			remoteInfo = NewApix_YK;
		};
/* End PBXContainerItemProxy section */

/* Begin PBXFileReference section */
		05C3BF30EBFE337F90B3DCC6 /* Pods-NewApix_YK.release.xcconfig */ = {isa = PBXFileReference; includeInIndex = 1; lastKnownFileType = text.xcconfig; name = "Pods-NewApix_YK.release.xcconfig"; path = "Pods/Target Support Files/Pods-NewApix_YK/Pods-NewApix_YK.release.xcconfig"; sourceTree = "<group>"; };
		3978FFBCAEE36D97F2E3E500 /* Pods-NewApix_YK.debug.xcconfig */ = {isa = PBXFileReference; includeInIndex = 1; lastKnownFileType = text.xcconfig; name = "Pods-NewApix_YK.debug.xcconfig"; path = "Pods/Target Support Files/Pods-NewApix_YK/Pods-NewApix_YK.debug.xcconfig"; sourceTree = "<group>"; };
		4A014D9A1F5579E6005D273E /* new.gif */ = {isa = PBXFileReference; lastKnownFileType = image.gif; path = new.gif; sourceTree = "<group>"; };
		4A037D121F2851A600F38AC0 /* NewApix_YK.app */ = {isa = PBXFileReference; explicitFileType = wrapper.application; includeInIndex = 0; path = NewApix_YK.app; sourceTree = BUILT_PRODUCTS_DIR; };
		4A037D211F2851A600F38AC0 /* Assets.xcassets */ = {isa = PBXFileReference; lastKnownFileType = folder.assetcatalog; path = Assets.xcassets; sourceTree = "<group>"; };
		4A037D2B1F2851A600F38AC0 /* NewApix_YKTests.xctest */ = {isa = PBXFileReference; explicitFileType = wrapper.cfbundle; includeInIndex = 0; path = NewApix_YKTests.xctest; sourceTree = BUILT_PRODUCTS_DIR; };
		4A037D2F1F2851A600F38AC0 /* NewApix_YKTests.m */ = {isa = PBXFileReference; lastKnownFileType = sourcecode.c.objc; path = NewApix_YKTests.m; sourceTree = "<group>"; };
		4A037D311F2851A600F38AC0 /* Info.plist */ = {isa = PBXFileReference; lastKnownFileType = text.plist.xml; path = Info.plist; sourceTree = "<group>"; };
		4A037D361F2851A600F38AC0 /* NewApix_YKUITests.xctest */ = {isa = PBXFileReference; explicitFileType = wrapper.cfbundle; includeInIndex = 0; path = NewApix_YKUITests.xctest; sourceTree = BUILT_PRODUCTS_DIR; };
		4A037D3A1F2851A600F38AC0 /* NewApix_YKUITests.m */ = {isa = PBXFileReference; lastKnownFileType = sourcecode.c.objc; path = NewApix_YKUITests.m; sourceTree = "<group>"; };
		4A037D3C1F2851A600F38AC0 /* Info.plist */ = {isa = PBXFileReference; lastKnownFileType = text.plist.xml; path = Info.plist; sourceTree = "<group>"; };
		4A052F7F1F7113B8003EE147 /* areaArray.plist */ = {isa = PBXFileReference; lastKnownFileType = file.bplist; path = areaArray.plist; sourceTree = "<group>"; };
		4A0959971F8B5988008164B6 /* NABankCardsController.h */ = {isa = PBXFileReference; lastKnownFileType = sourcecode.c.h; path = NABankCardsController.h; sourceTree = "<group>"; };
		4A0959981F8B5988008164B6 /* NABankCardsController.m */ = {isa = PBXFileReference; lastKnownFileType = sourcecode.c.objc; path = NABankCardsController.m; sourceTree = "<group>"; };
		4A09599A1F8B59B7008164B6 /* NABankCardCell.h */ = {isa = PBXFileReference; lastKnownFileType = sourcecode.c.h; path = NABankCardCell.h; sourceTree = "<group>"; };
		4A09599B1F8B59B7008164B6 /* NABankCardCell.m */ = {isa = PBXFileReference; lastKnownFileType = sourcecode.c.objc; path = NABankCardCell.m; sourceTree = "<group>"; };
		4A09599C1F8B59B7008164B6 /* NABankCardCell.xib */ = {isa = PBXFileReference; lastKnownFileType = file.xib; path = NABankCardCell.xib; sourceTree = "<group>"; };
		4A09599F1F8B67EC008164B6 /* NABankCardModel.h */ = {isa = PBXFileReference; lastKnownFileType = sourcecode.c.h; path = NABankCardModel.h; sourceTree = "<group>"; };
		4A0959A01F8B67EC008164B6 /* NABankCardModel.m */ = {isa = PBXFileReference; lastKnownFileType = sourcecode.c.objc; path = NABankCardModel.m; sourceTree = "<group>"; };
		4A2837B61F501B28001B065C /* NANewMainPageController.h */ = {isa = PBXFileReference; fileEncoding = 4; lastKnownFileType = sourcecode.c.h; path = NANewMainPageController.h; sourceTree = "<group>"; };
		4A2837B71F501B28001B065C /* NANewMainPageController.m */ = {isa = PBXFileReference; fileEncoding = 4; lastKnownFileType = sourcecode.c.objc; path = NANewMainPageController.m; sourceTree = "<group>"; };
		4A2837B91F502120001B065C /* NAForgetPasswordController.h */ = {isa = PBXFileReference; fileEncoding = 4; lastKnownFileType = sourcecode.c.h; path = NAForgetPasswordController.h; sourceTree = "<group>"; };
		4A2837BA1F502120001B065C /* NAForgetPasswordController.m */ = {isa = PBXFileReference; fileEncoding = 4; lastKnownFileType = sourcecode.c.objc; path = NAForgetPasswordController.m; sourceTree = "<group>"; };
		4A2837BB1F502120001B065C /* NAForgetPasswordController.xib */ = {isa = PBXFileReference; fileEncoding = 4; lastKnownFileType = file.xib; path = NAForgetPasswordController.xib; sourceTree = "<group>"; };
		4A2837BE1F502B47001B065C /* NAPhoneLoginController.h */ = {isa = PBXFileReference; fileEncoding = 4; lastKnownFileType = sourcecode.c.h; path = NAPhoneLoginController.h; sourceTree = "<group>"; };
		4A2837BF1F502B47001B065C /* NAPhoneLoginController.m */ = {isa = PBXFileReference; fileEncoding = 4; lastKnownFileType = sourcecode.c.objc; path = NAPhoneLoginController.m; sourceTree = "<group>"; };
		4A2837C01F502B47001B065C /* NAPhoneLoginController.xib */ = {isa = PBXFileReference; fileEncoding = 4; lastKnownFileType = file.xib; path = NAPhoneLoginController.xib; sourceTree = "<group>"; };
		4A59ACE31F5FD5DC00F3172B /* NACreditReportController.h */ = {isa = PBXFileReference; fileEncoding = 4; lastKnownFileType = sourcecode.c.h; path = NACreditReportController.h; sourceTree = "<group>"; };
		4A59ACE41F5FD5DC00F3172B /* NACreditReportController.m */ = {isa = PBXFileReference; fileEncoding = 4; lastKnownFileType = sourcecode.c.objc; path = NACreditReportController.m; sourceTree = "<group>"; };
		4A59ACE61F5FD67F00F3172B /* NAMeixinVIPController.h */ = {isa = PBXFileReference; fileEncoding = 4; lastKnownFileType = sourcecode.c.h; path = NAMeixinVIPController.h; sourceTree = "<group>"; };
		4A59ACE71F5FD67F00F3172B /* NAMeixinVIPController.m */ = {isa = PBXFileReference; fileEncoding = 4; lastKnownFileType = sourcecode.c.objc; path = NAMeixinVIPController.m; sourceTree = "<group>"; };
		4A59ACE91F5FDD1300F3172B /* UIView+NAScreenshot.h */ = {isa = PBXFileReference; fileEncoding = 4; lastKnownFileType = sourcecode.c.h; path = "UIView+NAScreenshot.h"; sourceTree = "<group>"; };
		4A59ACEA1F5FDD1300F3172B /* UIView+NAScreenshot.m */ = {isa = PBXFileReference; fileEncoding = 4; lastKnownFileType = sourcecode.c.objc; path = "UIView+NAScreenshot.m"; sourceTree = "<group>"; };
		4A59ACEC1F5FDD4A00F3172B /* UIScrollView+NAScreenshot.h */ = {isa = PBXFileReference; fileEncoding = 4; lastKnownFileType = sourcecode.c.h; path = "UIScrollView+NAScreenshot.h"; sourceTree = "<group>"; };
		4A59ACED1F5FDD4A00F3172B /* UIScrollView+NAScreenshot.m */ = {isa = PBXFileReference; fileEncoding = 4; lastKnownFileType = sourcecode.c.objc; path = "UIScrollView+NAScreenshot.m"; sourceTree = "<group>"; };
		4A6381601F38414D008BC8FD /* NAMainPageCell.h */ = {isa = PBXFileReference; fileEncoding = 4; lastKnownFileType = sourcecode.c.h; path = NAMainPageCell.h; sourceTree = "<group>"; };
		4A6381611F38414D008BC8FD /* NAMainPageCell.m */ = {isa = PBXFileReference; fileEncoding = 4; lastKnownFileType = sourcecode.c.objc; path = NAMainPageCell.m; sourceTree = "<group>"; };
		4A6381621F38414D008BC8FD /* NAMainPageCell.xib */ = {isa = PBXFileReference; fileEncoding = 4; lastKnownFileType = file.xib; path = NAMainPageCell.xib; sourceTree = "<group>"; };
		4A6381651F3841D5008BC8FD /* NAMainCardModel.h */ = {isa = PBXFileReference; fileEncoding = 4; lastKnownFileType = sourcecode.c.h; path = NAMainCardModel.h; sourceTree = "<group>"; };
		4A6381661F3841D5008BC8FD /* NAMainCardModel.m */ = {isa = PBXFileReference; fileEncoding = 4; lastKnownFileType = sourcecode.c.objc; path = NAMainCardModel.m; sourceTree = "<group>"; };
		4A6381681F384F71008BC8FD /* NABannerView.h */ = {isa = PBXFileReference; fileEncoding = 4; lastKnownFileType = sourcecode.c.h; path = NABannerView.h; sourceTree = "<group>"; };
		4A6381691F384F71008BC8FD /* NABannerView.m */ = {isa = PBXFileReference; fileEncoding = 4; lastKnownFileType = sourcecode.c.objc; path = NABannerView.m; sourceTree = "<group>"; };
		4A6B14101F98A3A2008CD7FA /* NAAuthenticationWebController.h */ = {isa = PBXFileReference; lastKnownFileType = sourcecode.c.h; path = NAAuthenticationWebController.h; sourceTree = "<group>"; };
		4A6B14111F98A3A2008CD7FA /* NAAuthenticationWebController.m */ = {isa = PBXFileReference; lastKnownFileType = sourcecode.c.objc; path = NAAuthenticationWebController.m; sourceTree = "<group>"; };
		4A6B14131F98B96D008CD7FA /* face@2x.png */ = {isa = PBXFileReference; lastKnownFileType = image.png; path = "face@2x.png"; sourceTree = "<group>"; };
		4A7315421F3D604B00044FE6 /* NACommonWebController.h */ = {isa = PBXFileReference; fileEncoding = 4; lastKnownFileType = sourcecode.c.h; path = NACommonWebController.h; sourceTree = "<group>"; };
		4A7315431F3D604B00044FE6 /* NACommonWebController.m */ = {isa = PBXFileReference; fileEncoding = 4; lastKnownFileType = sourcecode.c.objc; path = NACommonWebController.m; sourceTree = "<group>"; };
		4A7315451F3D969800044FE6 /* NSAttributedString+NAExtension.h */ = {isa = PBXFileReference; fileEncoding = 4; lastKnownFileType = sourcecode.c.h; path = "NSAttributedString+NAExtension.h"; sourceTree = "<group>"; };
		4A7315461F3D969800044FE6 /* NSAttributedString+NAExtension.m */ = {isa = PBXFileReference; fileEncoding = 4; lastKnownFileType = sourcecode.c.objc; path = "NSAttributedString+NAExtension.m"; sourceTree = "<group>"; };
		4A7707401F39CC4900CEDDF8 /* NAConstant.h */ = {isa = PBXFileReference; fileEncoding = 4; lastKnownFileType = sourcecode.c.h; path = NAConstant.h; sourceTree = "<group>"; };
		4A7850501F7E3618000C2AD5 /* NAAddressModel.h */ = {isa = PBXFileReference; lastKnownFileType = sourcecode.c.h; path = NAAddressModel.h; sourceTree = "<group>"; };
		4A7850511F7E3618000C2AD5 /* NAAddressModel.m */ = {isa = PBXFileReference; lastKnownFileType = sourcecode.c.objc; path = NAAddressModel.m; sourceTree = "<group>"; };
		4A7850521F7E3723000C2AD5 /* NASettingsController.m */ = {isa = PBXFileReference; lastKnownFileType = sourcecode.c.objc; path = NASettingsController.m; sourceTree = "<group>"; };
		4A7850531F7E3723000C2AD5 /* NAAddressController.m */ = {isa = PBXFileReference; lastKnownFileType = sourcecode.c.objc; path = NAAddressController.m; sourceTree = "<group>"; };
		4A7850541F7E3723000C2AD5 /* NAAddressController.h */ = {isa = PBXFileReference; lastKnownFileType = sourcecode.c.h; path = NAAddressController.h; sourceTree = "<group>"; };
		4A7850551F7E3724000C2AD5 /* NAAddressController.xib */ = {isa = PBXFileReference; lastKnownFileType = file.xib; path = NAAddressController.xib; sourceTree = "<group>"; };
		4A7850561F7E3724000C2AD5 /* NASettingsController.h */ = {isa = PBXFileReference; lastKnownFileType = sourcecode.c.h; path = NASettingsController.h; sourceTree = "<group>"; };
		4A78505B1F7E3FC3000C2AD5 /* NAChangePasswordController.h */ = {isa = PBXFileReference; lastKnownFileType = sourcecode.c.h; path = NAChangePasswordController.h; sourceTree = "<group>"; };
		4A78505C1F7E3FC3000C2AD5 /* NAChangePasswordController.m */ = {isa = PBXFileReference; lastKnownFileType = sourcecode.c.objc; path = NAChangePasswordController.m; sourceTree = "<group>"; };
		4A78505D1F7E3FC3000C2AD5 /* NAChangePasswordController.xib */ = {isa = PBXFileReference; lastKnownFileType = file.xib; path = NAChangePasswordController.xib; sourceTree = "<group>"; };
		4A7850601F7E4017000C2AD5 /* NAChangePhoneController.h */ = {isa = PBXFileReference; lastKnownFileType = sourcecode.c.h; path = NAChangePhoneController.h; sourceTree = "<group>"; };
		4A7850611F7E4017000C2AD5 /* NAChangePhoneController.m */ = {isa = PBXFileReference; lastKnownFileType = sourcecode.c.objc; path = NAChangePhoneController.m; sourceTree = "<group>"; };
		4A7850621F7E4017000C2AD5 /* NAChangePhoneController.xib */ = {isa = PBXFileReference; lastKnownFileType = file.xib; path = NAChangePhoneController.xib; sourceTree = "<group>"; };
		4A7850651F7E4FB5000C2AD5 /* NANewPhoneController.h */ = {isa = PBXFileReference; lastKnownFileType = sourcecode.c.h; path = NANewPhoneController.h; sourceTree = "<group>"; };
		4A7850661F7E4FB5000C2AD5 /* NANewPhoneController.m */ = {isa = PBXFileReference; lastKnownFileType = sourcecode.c.objc; path = NANewPhoneController.m; sourceTree = "<group>"; };
		4A7850671F7E4FB5000C2AD5 /* NANewPhoneController.xib */ = {isa = PBXFileReference; lastKnownFileType = file.xib; path = NANewPhoneController.xib; sourceTree = "<group>"; };
		4A7E033F1F94A19300939486 /* NAIDUserFaceController.h */ = {isa = PBXFileReference; lastKnownFileType = sourcecode.c.h; path = NAIDUserFaceController.h; sourceTree = "<group>"; };
		4A7E03401F94A19300939486 /* NAIDUserFaceController.m */ = {isa = PBXFileReference; lastKnownFileType = sourcecode.c.objc; path = NAIDUserFaceController.m; sourceTree = "<group>"; };
		4A7E03411F94A19300939486 /* NAIDUserFaceController.xib */ = {isa = PBXFileReference; lastKnownFileType = file.xib; path = NAIDUserFaceController.xib; sourceTree = "<group>"; };
		4A7E03441F94BC8D00939486 /* NAIDFaceCameraController.h */ = {isa = PBXFileReference; lastKnownFileType = sourcecode.c.h; path = NAIDFaceCameraController.h; sourceTree = "<group>"; };
		4A7E03451F94BC8D00939486 /* NAIDFaceCameraController.m */ = {isa = PBXFileReference; lastKnownFileType = sourcecode.c.objc; path = NAIDFaceCameraController.m; sourceTree = "<group>"; };
		4A7E03461F94BC8D00939486 /* NAIDFaceCameraController.xib */ = {isa = PBXFileReference; lastKnownFileType = file.xib; path = NAIDFaceCameraController.xib; sourceTree = "<group>"; };
		4A7F95291F7A5123003D7FB6 /* UINavigationController+NAStatusBar.h */ = {isa = PBXFileReference; lastKnownFileType = sourcecode.c.h; path = "UINavigationController+NAStatusBar.h"; sourceTree = "<group>"; };
		4A7F952A1F7A5123003D7FB6 /* UINavigationController+NAStatusBar.m */ = {isa = PBXFileReference; lastKnownFileType = sourcecode.c.objc; path = "UINavigationController+NAStatusBar.m"; sourceTree = "<group>"; };
		4A8B102F1F8F16BE00498F9D /* NAAuthenticationModel.m */ = {isa = PBXFileReference; lastKnownFileType = sourcecode.c.objc; path = NAAuthenticationModel.m; sourceTree = "<group>"; };
		4A8B10301F8F16BE00498F9D /* NAAuthenticationModel.h */ = {isa = PBXFileReference; lastKnownFileType = sourcecode.c.h; path = NAAuthenticationModel.h; sourceTree = "<group>"; };
		4A8B10341F8F486A00498F9D /* NAIDAuthenticationController.h */ = {isa = PBXFileReference; lastKnownFileType = sourcecode.c.h; path = NAIDAuthenticationController.h; sourceTree = "<group>"; };
		4A8B10351F8F486A00498F9D /* NAIDAuthenticationController.m */ = {isa = PBXFileReference; lastKnownFileType = sourcecode.c.objc; path = NAIDAuthenticationController.m; sourceTree = "<group>"; };
		4A8B10361F8F486A00498F9D /* NAIDAuthenticationController.xib */ = {isa = PBXFileReference; lastKnownFileType = file.xib; path = NAIDAuthenticationController.xib; sourceTree = "<group>"; };
		4A8F18C61F41AD7800B5459A /* NAEssenceCell.h */ = {isa = PBXFileReference; fileEncoding = 4; lastKnownFileType = sourcecode.c.h; path = NAEssenceCell.h; sourceTree = "<group>"; };
		4A8F18C71F41AD7800B5459A /* NAEssenceCell.m */ = {isa = PBXFileReference; fileEncoding = 4; lastKnownFileType = sourcecode.c.objc; path = NAEssenceCell.m; sourceTree = "<group>"; };
		4A8F18C81F41AD7800B5459A /* NAEssenceCell.xib */ = {isa = PBXFileReference; fileEncoding = 4; lastKnownFileType = file.xib; path = NAEssenceCell.xib; sourceTree = "<group>"; };
		4A8F18CB1F41ADBC00B5459A /* NACommunityCell.h */ = {isa = PBXFileReference; fileEncoding = 4; lastKnownFileType = sourcecode.c.h; path = NACommunityCell.h; sourceTree = "<group>"; };
		4A8F18CC1F41ADBC00B5459A /* NACommunityCell.m */ = {isa = PBXFileReference; fileEncoding = 4; lastKnownFileType = sourcecode.c.objc; path = NACommunityCell.m; sourceTree = "<group>"; };
		4A8F18CD1F41ADBC00B5459A /* NACommunityCell.xib */ = {isa = PBXFileReference; fileEncoding = 4; lastKnownFileType = file.xib; path = NACommunityCell.xib; sourceTree = "<group>"; };
		4AA684DA1F6671DD0041BB2D /* NAPresentCenterController.h */ = {isa = PBXFileReference; fileEncoding = 4; lastKnownFileType = sourcecode.c.h; path = NAPresentCenterController.h; sourceTree = "<group>"; };
		4AA684DB1F6671DD0041BB2D /* NAPresentCenterController.m */ = {isa = PBXFileReference; fileEncoding = 4; lastKnownFileType = sourcecode.c.objc; path = NAPresentCenterController.m; sourceTree = "<group>"; };
		4AA684DC1F6671DD0041BB2D /* NAPresentCenterController.xib */ = {isa = PBXFileReference; fileEncoding = 4; lastKnownFileType = file.xib; path = NAPresentCenterController.xib; sourceTree = "<group>"; };
		4AA684E51F667C540041BB2D /* NAPresentSuccessController.h */ = {isa = PBXFileReference; fileEncoding = 4; lastKnownFileType = sourcecode.c.h; path = NAPresentSuccessController.h; sourceTree = "<group>"; };
		4AA684E61F667C540041BB2D /* NAPresentSuccessController.m */ = {isa = PBXFileReference; fileEncoding = 4; lastKnownFileType = sourcecode.c.objc; path = NAPresentSuccessController.m; sourceTree = "<group>"; };
		4AA684E71F667C540041BB2D /* NAPresentSuccessController.xib */ = {isa = PBXFileReference; fileEncoding = 4; lastKnownFileType = file.xib; path = NAPresentSuccessController.xib; sourceTree = "<group>"; };
		4AA8ADB21F8CADCA00B27223 /* NAAddCardController.h */ = {isa = PBXFileReference; lastKnownFileType = sourcecode.c.h; path = NAAddCardController.h; sourceTree = "<group>"; };
		4AA8ADB31F8CADCA00B27223 /* NAAddCardController.m */ = {isa = PBXFileReference; lastKnownFileType = sourcecode.c.objc; path = NAAddCardController.m; sourceTree = "<group>"; };
		4AA8ADB41F8CADCA00B27223 /* NAAddCardController.xib */ = {isa = PBXFileReference; lastKnownFileType = file.xib; path = NAAddCardController.xib; sourceTree = "<group>"; };
		4AA9AF1D1F6B83CC0061AD1F /* NAPickerView.h */ = {isa = PBXFileReference; fileEncoding = 4; lastKnownFileType = sourcecode.c.h; path = NAPickerView.h; sourceTree = "<group>"; };
		4AA9AF1E1F6B83CC0061AD1F /* NAPickerView.m */ = {isa = PBXFileReference; fileEncoding = 4; lastKnownFileType = sourcecode.c.objc; path = NAPickerView.m; sourceTree = "<group>"; };
		4AAEED941F4C083300055CF1 /* NAMineModel.h */ = {isa = PBXFileReference; fileEncoding = 4; lastKnownFileType = sourcecode.c.h; path = NAMineModel.h; sourceTree = "<group>"; };
		4AAEED951F4C083300055CF1 /* NAMineModel.m */ = {isa = PBXFileReference; fileEncoding = 4; lastKnownFileType = sourcecode.c.objc; path = NAMineModel.m; sourceTree = "<group>"; };
		4AAEED9A1F4C15AF00055CF1 /* NAAPIModel.h */ = {isa = PBXFileReference; fileEncoding = 4; lastKnownFileType = sourcecode.c.h; path = NAAPIModel.h; sourceTree = "<group>"; };
		4AAEED9B1F4C15AF00055CF1 /* NAAPIModel.m */ = {isa = PBXFileReference; fileEncoding = 4; lastKnownFileType = sourcecode.c.objc; path = NAAPIModel.m; sourceTree = "<group>"; };
		4AAEED9D1F4C16DD00055CF1 /* NAURLCenter.h */ = {isa = PBXFileReference; fileEncoding = 4; lastKnownFileType = sourcecode.c.h; path = NAURLCenter.h; sourceTree = "<group>"; };
		4AAEED9E1F4C16DD00055CF1 /* NAURLCenter.m */ = {isa = PBXFileReference; fileEncoding = 4; lastKnownFileType = sourcecode.c.objc; path = NAURLCenter.m; sourceTree = "<group>"; };
		4AAEEDA11F4C272D00055CF1 /* NANavigationController.h */ = {isa = PBXFileReference; fileEncoding = 4; lastKnownFileType = sourcecode.c.h; path = NANavigationController.h; sourceTree = "<group>"; };
		4AAEEDA21F4C272D00055CF1 /* NANavigationController.m */ = {isa = PBXFileReference; fileEncoding = 4; lastKnownFileType = sourcecode.c.objc; path = NANavigationController.m; sourceTree = "<group>"; };
		4AAEEDA31F4C272D00055CF1 /* NATabbarController.h */ = {isa = PBXFileReference; fileEncoding = 4; lastKnownFileType = sourcecode.c.h; path = NATabbarController.h; sourceTree = "<group>"; };
		4AAEEDA41F4C272D00055CF1 /* NATabbarController.m */ = {isa = PBXFileReference; fileEncoding = 4; lastKnownFileType = sourcecode.c.objc; path = NATabbarController.m; sourceTree = "<group>"; };
		4AAEEDA51F4C272D00055CF1 /* NAViewControllerCenter.h */ = {isa = PBXFileReference; fileEncoding = 4; lastKnownFileType = sourcecode.c.h; path = NAViewControllerCenter.h; sourceTree = "<group>"; };
		4AAEEDA61F4C272D00055CF1 /* NAViewControllerCenter.m */ = {isa = PBXFileReference; fileEncoding = 4; lastKnownFileType = sourcecode.c.objc; path = NAViewControllerCenter.m; sourceTree = "<group>"; };
		4AAEEDAB1F4C277100055CF1 /* NAUserTool.h */ = {isa = PBXFileReference; fileEncoding = 4; lastKnownFileType = sourcecode.c.h; path = NAUserTool.h; sourceTree = "<group>"; };
		4AAEEDAC1F4C277100055CF1 /* NAUserTool.m */ = {isa = PBXFileReference; fileEncoding = 4; lastKnownFileType = sourcecode.c.objc; path = NAUserTool.m; sourceTree = "<group>"; };
		4AB1080E1F7F9DEA00F02864 /* NAAboutUsController.h */ = {isa = PBXFileReference; lastKnownFileType = sourcecode.c.h; path = NAAboutUsController.h; sourceTree = "<group>"; };
		4AB1080F1F7F9DEA00F02864 /* NAAboutUsController.m */ = {isa = PBXFileReference; lastKnownFileType = sourcecode.c.objc; path = NAAboutUsController.m; sourceTree = "<group>"; };
		4AB108101F7F9DEA00F02864 /* NAAboutUsController.xib */ = {isa = PBXFileReference; lastKnownFileType = file.xib; path = NAAboutUsController.xib; sourceTree = "<group>"; };
		4AC6CA401F2F23D500A9308F /* NAMainPageController.h */ = {isa = PBXFileReference; fileEncoding = 4; lastKnownFileType = sourcecode.c.h; path = NAMainPageController.h; sourceTree = "<group>"; };
		4AC6CA411F2F23D500A9308F /* NAMainPageController.m */ = {isa = PBXFileReference; fileEncoding = 4; lastKnownFileType = sourcecode.c.objc; path = NAMainPageController.m; sourceTree = "<group>"; };
		4AC6CA421F2F23D500A9308F /* NAMainPageController.xib */ = {isa = PBXFileReference; fileEncoding = 4; lastKnownFileType = file.xib; path = NAMainPageController.xib; sourceTree = "<group>"; };
		4AC6CA451F2F248500A9308F /* NALoginController.h */ = {isa = PBXFileReference; fileEncoding = 4; lastKnownFileType = sourcecode.c.h; path = NALoginController.h; sourceTree = "<group>"; };
		4AC6CA461F2F248500A9308F /* NALoginController.m */ = {isa = PBXFileReference; fileEncoding = 4; lastKnownFileType = sourcecode.c.objc; path = NALoginController.m; sourceTree = "<group>"; };
		4AC6CA471F2F248500A9308F /* NALoginController.xib */ = {isa = PBXFileReference; fileEncoding = 4; lastKnownFileType = file.xib; path = NALoginController.xib; sourceTree = "<group>"; };
		4AC6CA4A1F2F249C00A9308F /* NARegisterController.h */ = {isa = PBXFileReference; fileEncoding = 4; lastKnownFileType = sourcecode.c.h; path = NARegisterController.h; sourceTree = "<group>"; };
		4AC6CA4B1F2F249C00A9308F /* NARegisterController.m */ = {isa = PBXFileReference; fileEncoding = 4; lastKnownFileType = sourcecode.c.objc; path = NARegisterController.m; sourceTree = "<group>"; };
		4AC6CA4C1F2F249C00A9308F /* NARegisterController.xib */ = {isa = PBXFileReference; fileEncoding = 4; lastKnownFileType = file.xib; path = NARegisterController.xib; sourceTree = "<group>"; };
		4AC6CA4F1F2F24B800A9308F /* NAMeixinSayController.h */ = {isa = PBXFileReference; fileEncoding = 4; lastKnownFileType = sourcecode.c.h; path = NAMeixinSayController.h; sourceTree = "<group>"; };
		4AC6CA501F2F24B800A9308F /* NAMeixinSayController.m */ = {isa = PBXFileReference; fileEncoding = 4; lastKnownFileType = sourcecode.c.objc; path = NAMeixinSayController.m; sourceTree = "<group>"; };
		4AC6CA541F2F24C800A9308F /* NAMineController.h */ = {isa = PBXFileReference; fileEncoding = 4; lastKnownFileType = sourcecode.c.h; path = NAMineController.h; sourceTree = "<group>"; };
		4AC6CA551F2F24C800A9308F /* NAMineController.m */ = {isa = PBXFileReference; fileEncoding = 4; lastKnownFileType = sourcecode.c.objc; path = NAMineController.m; sourceTree = "<group>"; };
		4ACF3CF41F4EBCC80030945B /* NAKeyChain.h */ = {isa = PBXFileReference; fileEncoding = 4; lastKnownFileType = sourcecode.c.h; path = NAKeyChain.h; sourceTree = "<group>"; };
		4ACF3CF51F4EBCC80030945B /* NAKeyChain.m */ = {isa = PBXFileReference; fileEncoding = 4; lastKnownFileType = sourcecode.c.objc; path = NAKeyChain.m; sourceTree = "<group>"; };
		4AD52E1E1F8E216300BA9A5A /* bankType.plist */ = {isa = PBXFileReference; lastKnownFileType = text.plist.xml; path = bankType.plist; sourceTree = "<group>"; };
		4AF392761F46D41200EF7A3B /* NAEssenceModel.h */ = {isa = PBXFileReference; fileEncoding = 4; lastKnownFileType = sourcecode.c.h; path = NAEssenceModel.h; sourceTree = "<group>"; };
		4AF392771F46D41200EF7A3B /* NAEssenceModel.m */ = {isa = PBXFileReference; fileEncoding = 4; lastKnownFileType = sourcecode.c.objc; path = NAEssenceModel.m; sourceTree = "<group>"; };
		4AF392791F46D44500EF7A3B /* NACommunityModel.h */ = {isa = PBXFileReference; fileEncoding = 4; lastKnownFileType = sourcecode.c.h; path = NACommunityModel.h; sourceTree = "<group>"; };
		4AF3927A1F46D44500EF7A3B /* NACommunityModel.m */ = {isa = PBXFileReference; fileEncoding = 4; lastKnownFileType = sourcecode.c.objc; path = NACommunityModel.m; sourceTree = "<group>"; };
		4AF3927C1F46D52200EF7A3B /* NAAdvertisementCell.h */ = {isa = PBXFileReference; fileEncoding = 4; lastKnownFileType = sourcecode.c.h; path = NAAdvertisementCell.h; sourceTree = "<group>"; };
		4AF3927D1F46D52200EF7A3B /* NAAdvertisementCell.m */ = {isa = PBXFileReference; fileEncoding = 4; lastKnownFileType = sourcecode.c.objc; path = NAAdvertisementCell.m; sourceTree = "<group>"; };
		4AF3927E1F46D52200EF7A3B /* NAAdvertisementCell.xib */ = {isa = PBXFileReference; fileEncoding = 4; lastKnownFileType = file.xib; path = NAAdvertisementCell.xib; sourceTree = "<group>"; };
		4AF392811F46E67F00EF7A3B /* NAMineCell.h */ = {isa = PBXFileReference; fileEncoding = 4; lastKnownFileType = sourcecode.c.h; path = NAMineCell.h; sourceTree = "<group>"; };
		4AF392821F46E67F00EF7A3B /* NAMineCell.m */ = {isa = PBXFileReference; fileEncoding = 4; lastKnownFileType = sourcecode.c.objc; path = NAMineCell.m; sourceTree = "<group>"; };
		4AF392831F46E67F00EF7A3B /* NAMineCell.xib */ = {isa = PBXFileReference; fileEncoding = 4; lastKnownFileType = file.xib; path = NAMineCell.xib; sourceTree = "<group>"; };
		4AF392861F46E69600EF7A3B /* NAMineHeaderView.h */ = {isa = PBXFileReference; fileEncoding = 4; lastKnownFileType = sourcecode.c.h; path = NAMineHeaderView.h; sourceTree = "<group>"; };
		4AF392871F46E69600EF7A3B /* NAMineHeaderView.m */ = {isa = PBXFileReference; fileEncoding = 4; lastKnownFileType = sourcecode.c.objc; path = NAMineHeaderView.m; sourceTree = "<group>"; };
		4AFCA93D1F346B3D00351B04 /* AppDelegate.h */ = {isa = PBXFileReference; fileEncoding = 4; lastKnownFileType = sourcecode.c.h; path = AppDelegate.h; sourceTree = "<group>"; };
		4AFCA93E1F346B3D00351B04 /* AppDelegate.m */ = {isa = PBXFileReference; fileEncoding = 4; lastKnownFileType = sourcecode.c.objc; path = AppDelegate.m; sourceTree = "<group>"; };
		4AFCA93F1F346B3D00351B04 /* Info.plist */ = {isa = PBXFileReference; fileEncoding = 4; lastKnownFileType = text.plist.xml; path = Info.plist; sourceTree = "<group>"; };
		4AFCA9401F346B3D00351B04 /* main.m */ = {isa = PBXFileReference; fileEncoding = 4; lastKnownFileType = sourcecode.c.objc; path = main.m; sourceTree = "<group>"; };
		4AFCA9411F346B3D00351B04 /* NA.pch */ = {isa = PBXFileReference; fileEncoding = 4; lastKnownFileType = sourcecode.c.h; path = NA.pch; sourceTree = "<group>"; };
		4AFCA9491F346C3500351B04 /* NANoNetworkView.h */ = {isa = PBXFileReference; fileEncoding = 4; lastKnownFileType = sourcecode.c.h; path = NANoNetworkView.h; sourceTree = "<group>"; };
		4AFCA94A1F346C3500351B04 /* NANoNetworkView.m */ = {isa = PBXFileReference; fileEncoding = 4; lastKnownFileType = sourcecode.c.objc; path = NANoNetworkView.m; sourceTree = "<group>"; };
		4AFCA94C1F346C3500351B04 /* NABaseViewController.h */ = {isa = PBXFileReference; fileEncoding = 4; lastKnownFileType = sourcecode.c.h; path = NABaseViewController.h; sourceTree = "<group>"; };
		4AFCA94D1F346C3500351B04 /* NABaseViewController.m */ = {isa = PBXFileReference; fileEncoding = 4; lastKnownFileType = sourcecode.c.objc; path = NABaseViewController.m; sourceTree = "<group>"; };
		4AFCA94F1F346C3500351B04 /* NSString+NAExtension.h */ = {isa = PBXFileReference; fileEncoding = 4; lastKnownFileType = sourcecode.c.h; path = "NSString+NAExtension.h"; sourceTree = "<group>"; };
		4AFCA9501F346C3500351B04 /* NSString+NAExtension.m */ = {isa = PBXFileReference; fileEncoding = 4; lastKnownFileType = sourcecode.c.objc; path = "NSString+NAExtension.m"; sourceTree = "<group>"; };
		4AFCA9511F346C3500351B04 /* UIColor+NAExtension.h */ = {isa = PBXFileReference; fileEncoding = 4; lastKnownFileType = sourcecode.c.h; path = "UIColor+NAExtension.h"; sourceTree = "<group>"; };
		4AFCA9521F346C3500351B04 /* UIColor+NAExtension.m */ = {isa = PBXFileReference; fileEncoding = 4; lastKnownFileType = sourcecode.c.objc; path = "UIColor+NAExtension.m"; sourceTree = "<group>"; };
		4AFCA9531F346C3500351B04 /* UIImage+NAExtension.h */ = {isa = PBXFileReference; fileEncoding = 4; lastKnownFileType = sourcecode.c.h; path = "UIImage+NAExtension.h"; sourceTree = "<group>"; };
		4AFCA9541F346C3500351B04 /* UIImage+NAExtension.m */ = {isa = PBXFileReference; fileEncoding = 4; lastKnownFileType = sourcecode.c.objc; path = "UIImage+NAExtension.m"; sourceTree = "<group>"; };
		4AFCA9551F346C3500351B04 /* UIView+NAExtension.h */ = {isa = PBXFileReference; fileEncoding = 4; lastKnownFileType = sourcecode.c.h; path = "UIView+NAExtension.h"; sourceTree = "<group>"; };
		4AFCA9561F346C3500351B04 /* UIView+NAExtension.m */ = {isa = PBXFileReference; fileEncoding = 4; lastKnownFileType = sourcecode.c.objc; path = "UIView+NAExtension.m"; sourceTree = "<group>"; };
		4AFCA9571F346C3500351B04 /* NACommon.h */ = {isa = PBXFileReference; fileEncoding = 4; lastKnownFileType = sourcecode.c.h; path = NACommon.h; sourceTree = "<group>"; };
		4AFCA9581F346C3500351B04 /* NACommon.m */ = {isa = PBXFileReference; fileEncoding = 4; lastKnownFileType = sourcecode.c.objc; path = NACommon.m; sourceTree = "<group>"; };
		4AFCA95E1F346C3500351B04 /* NAHTTPSessionManager.h */ = {isa = PBXFileReference; fileEncoding = 4; lastKnownFileType = sourcecode.c.h; path = NAHTTPSessionManager.h; sourceTree = "<group>"; };
		4AFCA95F1F346C3500351B04 /* NAHTTPSessionManager.m */ = {isa = PBXFileReference; fileEncoding = 4; lastKnownFileType = sourcecode.c.objc; path = NAHTTPSessionManager.m; sourceTree = "<group>"; };
		4AFF28D61F4AC70700964EBC /* NAMineOrderModel.h */ = {isa = PBXFileReference; fileEncoding = 4; lastKnownFileType = sourcecode.c.h; path = NAMineOrderModel.h; sourceTree = "<group>"; };
		4AFF28D71F4AC70700964EBC /* NAMineOrderModel.m */ = {isa = PBXFileReference; fileEncoding = 4; lastKnownFileType = sourcecode.c.objc; path = NAMineOrderModel.m; sourceTree = "<group>"; };
		4AFF28D91F4AC8C000964EBC /* NAUserInfoModel.h */ = {isa = PBXFileReference; fileEncoding = 4; lastKnownFileType = sourcecode.c.h; path = NAUserInfoModel.h; sourceTree = "<group>"; };
		4AFF28DA1F4AC8C000964EBC /* NAUserInfoModel.m */ = {isa = PBXFileReference; fileEncoding = 4; lastKnownFileType = sourcecode.c.objc; path = NAUserInfoModel.m; sourceTree = "<group>"; };
		5659670B1F861FFA007B686E /* NACommonQuestionsController.h */ = {isa = PBXFileReference; lastKnownFileType = sourcecode.c.h; path = NACommonQuestionsController.h; sourceTree = "<group>"; };
		5659670C1F861FFA007B686E /* NACommonQuestionsController.m */ = {isa = PBXFileReference; lastKnownFileType = sourcecode.c.objc; path = NACommonQuestionsController.m; sourceTree = "<group>"; };
		74069947806DD1A74BF89138 /* libPods-NewApix_YK.a */ = {isa = PBXFileReference; explicitFileType = archive.ar; includeInIndex = 0; path = "libPods-NewApix_YK.a"; sourceTree = BUILT_PRODUCTS_DIR; };
/* End PBXFileReference section */

/* Begin PBXFrameworksBuildPhase section */
		4A037D0F1F2851A600F38AC0 /* Frameworks */ = {
			isa = PBXFrameworksBuildPhase;
			buildActionMask = 2147483647;
			files = (
				AD1A4A1E9100EDF0E93DECC4 /* libPods-NewApix_YK.a in Frameworks */,
			);
			runOnlyForDeploymentPostprocessing = 0;
		};
		4A037D281F2851A600F38AC0 /* Frameworks */ = {
			isa = PBXFrameworksBuildPhase;
			buildActionMask = 2147483647;
			files = (
			);
			runOnlyForDeploymentPostprocessing = 0;
		};
		4A037D331F2851A600F38AC0 /* Frameworks */ = {
			isa = PBXFrameworksBuildPhase;
			buildActionMask = 2147483647;
			files = (
			);
			runOnlyForDeploymentPostprocessing = 0;
		};
/* End PBXFrameworksBuildPhase section */

/* Begin PBXGroup section */
		3671D3BD2EF7804FF9A25697 /* Frameworks */ = {
			isa = PBXGroup;
			children = (
				74069947806DD1A74BF89138 /* libPods-NewApix_YK.a */,
			);
			name = Frameworks;
			sourceTree = "<group>";
		};
		4A014D991F5579E6005D273E /* source */ = {
			isa = PBXGroup;
			children = (
				4AD52E1E1F8E216300BA9A5A /* bankType.plist */,
				4A052F7F1F7113B8003EE147 /* areaArray.plist */,
				4A014D9A1F5579E6005D273E /* new.gif */,
			);
			path = source;
			sourceTree = "<group>";
		};
		4A037D091F2851A600F38AC0 = {
			isa = PBXGroup;
			children = (
				4A037D141F2851A600F38AC0 /* NewApix_YK */,
				4A037D2E1F2851A600F38AC0 /* NewApix_YKTests */,
				4A037D391F2851A600F38AC0 /* NewApix_YKUITests */,
				4A037D131F2851A600F38AC0 /* Products */,
				EB7DB27A2F01D8981D8B8F54 /* Pods */,
				3671D3BD2EF7804FF9A25697 /* Frameworks */,
			);
			sourceTree = "<group>";
		};
		4A037D131F2851A600F38AC0 /* Products */ = {
			isa = PBXGroup;
			children = (
				4A037D121F2851A600F38AC0 /* NewApix_YK.app */,
				4A037D2B1F2851A600F38AC0 /* NewApix_YKTests.xctest */,
				4A037D361F2851A600F38AC0 /* NewApix_YKUITests.xctest */,
			);
			name = Products;
			sourceTree = "<group>";
		};
		4A037D141F2851A600F38AC0 /* NewApix_YK */ = {
			isa = PBXGroup;
			children = (
				4AFCA93D1F346B3D00351B04 /* AppDelegate.h */,
				4AFCA93E1F346B3D00351B04 /* AppDelegate.m */,
				4AFCA93F1F346B3D00351B04 /* Info.plist */,
				4AFCA9401F346B3D00351B04 /* main.m */,
				4AFCA9411F346B3D00351B04 /* NA.pch */,
				4A7707401F39CC4900CEDDF8 /* NAConstant.h */,
				4A037D211F2851A600F38AC0 /* Assets.xcassets */,
				4A014D991F5579E6005D273E /* source */,
				4A037D591F28AF1B00F38AC0 /* Modules */,
				4AFCA9451F346C3500351B04 /* Common */,
				4AAEEDAF1F4C306F00055CF1 /* Lib */,
			);
			path = NewApix_YK;
			sourceTree = "<group>";
		};
		4A037D2E1F2851A600F38AC0 /* NewApix_YKTests */ = {
			isa = PBXGroup;
			children = (
				4A037D2F1F2851A600F38AC0 /* NewApix_YKTests.m */,
				4A037D311F2851A600F38AC0 /* Info.plist */,
			);
			path = NewApix_YKTests;
			sourceTree = "<group>";
		};
		4A037D391F2851A600F38AC0 /* NewApix_YKUITests */ = {
			isa = PBXGroup;
			children = (
				4A037D3A1F2851A600F38AC0 /* NewApix_YKUITests.m */,
				4A037D3C1F2851A600F38AC0 /* Info.plist */,
			);
			path = NewApix_YKUITests;
			sourceTree = "<group>";
		};
		4A037D591F28AF1B00F38AC0 /* Modules */ = {
			isa = PBXGroup;
			children = (
				4A8B10281F8F15EA00498F9D /* Authentication */,
				4A7850471F7E358F000C2AD5 /* Settings */,
				4A037D5D1F28B1ED00F38AC0 /* LoginRegister */,
				4A037D611F28B1ED00F38AC0 /* MainPage */,
				4A037D651F28B1ED00F38AC0 /* MeixinSay */,
				4A037D691F28B1ED00F38AC0 /* Mine */,
			);
			path = Modules;
			sourceTree = "<group>";
		};
		4A037D5D1F28B1ED00F38AC0 /* LoginRegister */ = {
			isa = PBXGroup;
			children = (
				4A037D5E1F28B1ED00F38AC0 /* Model */,
				4A037D5F1F28B1ED00F38AC0 /* View */,
				4A037D601F28B1ED00F38AC0 /* ViewController */,
			);
			path = LoginRegister;
			sourceTree = "<group>";
		};
		4A037D5E1F28B1ED00F38AC0 /* Model */ = {
			isa = PBXGroup;
			children = (
			);
			path = Model;
			sourceTree = "<group>";
		};
		4A037D5F1F28B1ED00F38AC0 /* View */ = {
			isa = PBXGroup;
			children = (
			);
			path = View;
			sourceTree = "<group>";
		};
		4A037D601F28B1ED00F38AC0 /* ViewController */ = {
			isa = PBXGroup;
			children = (
				4AC6CA451F2F248500A9308F /* NALoginController.h */,
				4AC6CA461F2F248500A9308F /* NALoginController.m */,
				4AC6CA471F2F248500A9308F /* NALoginController.xib */,
				4AC6CA4A1F2F249C00A9308F /* NARegisterController.h */,
				4AC6CA4B1F2F249C00A9308F /* NARegisterController.m */,
				4AC6CA4C1F2F249C00A9308F /* NARegisterController.xib */,
				4A2837B91F502120001B065C /* NAForgetPasswordController.h */,
				4A2837BA1F502120001B065C /* NAForgetPasswordController.m */,
				4A2837BB1F502120001B065C /* NAForgetPasswordController.xib */,
				4A2837BE1F502B47001B065C /* NAPhoneLoginController.h */,
				4A2837BF1F502B47001B065C /* NAPhoneLoginController.m */,
				4A2837C01F502B47001B065C /* NAPhoneLoginController.xib */,
			);
			path = ViewController;
			sourceTree = "<group>";
		};
		4A037D611F28B1ED00F38AC0 /* MainPage */ = {
			isa = PBXGroup;
			children = (
				4A037D621F28B1ED00F38AC0 /* Model */,
				4A037D631F28B1ED00F38AC0 /* View */,
				4AC6CA3F1F2F23BB00A9308F /* ViewController */,
			);
			path = MainPage;
			sourceTree = "<group>";
		};
		4A037D621F28B1ED00F38AC0 /* Model */ = {
			isa = PBXGroup;
			children = (
				4A6381651F3841D5008BC8FD /* NAMainCardModel.h */,
				4A6381661F3841D5008BC8FD /* NAMainCardModel.m */,
			);
			path = Model;
			sourceTree = "<group>";
		};
		4A037D631F28B1ED00F38AC0 /* View */ = {
			isa = PBXGroup;
			children = (
				4A6381601F38414D008BC8FD /* NAMainPageCell.h */,
				4A6381611F38414D008BC8FD /* NAMainPageCell.m */,
				4A6381621F38414D008BC8FD /* NAMainPageCell.xib */,
			);
			path = View;
			sourceTree = "<group>";
		};
		4A037D651F28B1ED00F38AC0 /* MeixinSay */ = {
			isa = PBXGroup;
			children = (
				4A037D661F28B1ED00F38AC0 /* Model */,
				4A037D671F28B1ED00F38AC0 /* View */,
				4A037D681F28B1ED00F38AC0 /* ViewController */,
			);
			path = MeixinSay;
			sourceTree = "<group>";
		};
		4A037D661F28B1ED00F38AC0 /* Model */ = {
			isa = PBXGroup;
			children = (
				4AF392761F46D41200EF7A3B /* NAEssenceModel.h */,
				4AF392771F46D41200EF7A3B /* NAEssenceModel.m */,
				4AF392791F46D44500EF7A3B /* NACommunityModel.h */,
				4AF3927A1F46D44500EF7A3B /* NACommunityModel.m */,
			);
			path = Model;
			sourceTree = "<group>";
		};
		4A037D671F28B1ED00F38AC0 /* View */ = {
			isa = PBXGroup;
			children = (
				4A8F18C61F41AD7800B5459A /* NAEssenceCell.h */,
				4A8F18C71F41AD7800B5459A /* NAEssenceCell.m */,
				4A8F18C81F41AD7800B5459A /* NAEssenceCell.xib */,
				4A8F18CB1F41ADBC00B5459A /* NACommunityCell.h */,
				4A8F18CC1F41ADBC00B5459A /* NACommunityCell.m */,
				4A8F18CD1F41ADBC00B5459A /* NACommunityCell.xib */,
				4AF3927C1F46D52200EF7A3B /* NAAdvertisementCell.h */,
				4AF3927D1F46D52200EF7A3B /* NAAdvertisementCell.m */,
				4AF3927E1F46D52200EF7A3B /* NAAdvertisementCell.xib */,
			);
			path = View;
			sourceTree = "<group>";
		};
		4A037D681F28B1ED00F38AC0 /* ViewController */ = {
			isa = PBXGroup;
			children = (
				4AC6CA4F1F2F24B800A9308F /* NAMeixinSayController.h */,
				4AC6CA501F2F24B800A9308F /* NAMeixinSayController.m */,
			);
			path = ViewController;
			sourceTree = "<group>";
		};
		4A037D691F28B1ED00F38AC0 /* Mine */ = {
			isa = PBXGroup;
			children = (
				4A037D6A1F28B1ED00F38AC0 /* Model */,
				4A037D6B1F28B1ED00F38AC0 /* View */,
				4A037D6C1F28B1ED00F38AC0 /* ViewController */,
			);
			path = Mine;
			sourceTree = "<group>";
		};
		4A037D6A1F28B1ED00F38AC0 /* Model */ = {
			isa = PBXGroup;
			children = (
				4AFF28D61F4AC70700964EBC /* NAMineOrderModel.h */,
				4AFF28D71F4AC70700964EBC /* NAMineOrderModel.m */,
				4AFF28D91F4AC8C000964EBC /* NAUserInfoModel.h */,
				4AFF28DA1F4AC8C000964EBC /* NAUserInfoModel.m */,
				4AAEED941F4C083300055CF1 /* NAMineModel.h */,
				4AAEED951F4C083300055CF1 /* NAMineModel.m */,
			);
			path = Model;
			sourceTree = "<group>";
		};
		4A037D6B1F28B1ED00F38AC0 /* View */ = {
			isa = PBXGroup;
			children = (
				4AF392811F46E67F00EF7A3B /* NAMineCell.h */,
				4AF392821F46E67F00EF7A3B /* NAMineCell.m */,
				4AF392831F46E67F00EF7A3B /* NAMineCell.xib */,
				4AF392861F46E69600EF7A3B /* NAMineHeaderView.h */,
				4AF392871F46E69600EF7A3B /* NAMineHeaderView.m */,
			);
			path = View;
			sourceTree = "<group>";
		};
		4A037D6C1F28B1ED00F38AC0 /* ViewController */ = {
			isa = PBXGroup;
			children = (
				4AC6CA541F2F24C800A9308F /* NAMineController.h */,
				4AC6CA551F2F24C800A9308F /* NAMineController.m */,
				4A59ACE61F5FD67F00F3172B /* NAMeixinVIPController.h */,
				4A59ACE71F5FD67F00F3172B /* NAMeixinVIPController.m */,
				4AA684DA1F6671DD0041BB2D /* NAPresentCenterController.h */,
				4AA684DB1F6671DD0041BB2D /* NAPresentCenterController.m */,
				4AA684DC1F6671DD0041BB2D /* NAPresentCenterController.xib */,
				4AA684E51F667C540041BB2D /* NAPresentSuccessController.h */,
				4AA684E61F667C540041BB2D /* NAPresentSuccessController.m */,
				4AA684E71F667C540041BB2D /* NAPresentSuccessController.xib */,
			);
			path = ViewController;
			sourceTree = "<group>";
		};
		4A7850471F7E358F000C2AD5 /* Settings */ = {
			isa = PBXGroup;
			children = (
				4A7850481F7E358F000C2AD5 /* Model */,
				4A7850491F7E358F000C2AD5 /* View */,
				4A78504A1F7E358F000C2AD5 /* ViewController */,
			);
			path = Settings;
			sourceTree = "<group>";
		};
		4A7850481F7E358F000C2AD5 /* Model */ = {
			isa = PBXGroup;
			children = (
				4A7850501F7E3618000C2AD5 /* NAAddressModel.h */,
				4A7850511F7E3618000C2AD5 /* NAAddressModel.m */,
				4A09599F1F8B67EC008164B6 /* NABankCardModel.h */,
				4A0959A01F8B67EC008164B6 /* NABankCardModel.m */,
			);
			path = Model;
			sourceTree = "<group>";
		};
		4A7850491F7E358F000C2AD5 /* View */ = {
			isa = PBXGroup;
			children = (
				4A09599A1F8B59B7008164B6 /* NABankCardCell.h */,
				4A09599B1F8B59B7008164B6 /* NABankCardCell.m */,
				4A09599C1F8B59B7008164B6 /* NABankCardCell.xib */,
			);
			path = View;
			sourceTree = "<group>";
		};
		4A78504A1F7E358F000C2AD5 /* ViewController */ = {
			isa = PBXGroup;
			children = (
				4A7850541F7E3723000C2AD5 /* NAAddressController.h */,
				4A7850531F7E3723000C2AD5 /* NAAddressController.m */,
				4A7850551F7E3724000C2AD5 /* NAAddressController.xib */,
				4A7850561F7E3724000C2AD5 /* NASettingsController.h */,
				4A7850521F7E3723000C2AD5 /* NASettingsController.m */,
				4A78505B1F7E3FC3000C2AD5 /* NAChangePasswordController.h */,
				4A78505C1F7E3FC3000C2AD5 /* NAChangePasswordController.m */,
				4A78505D1F7E3FC3000C2AD5 /* NAChangePasswordController.xib */,
				4A7850601F7E4017000C2AD5 /* NAChangePhoneController.h */,
				4A7850611F7E4017000C2AD5 /* NAChangePhoneController.m */,
				4A7850621F7E4017000C2AD5 /* NAChangePhoneController.xib */,
				4A7850651F7E4FB5000C2AD5 /* NANewPhoneController.h */,
				4A7850661F7E4FB5000C2AD5 /* NANewPhoneController.m */,
				4A7850671F7E4FB5000C2AD5 /* NANewPhoneController.xib */,
				4AB1080E1F7F9DEA00F02864 /* NAAboutUsController.h */,
				4AB1080F1F7F9DEA00F02864 /* NAAboutUsController.m */,
				4AB108101F7F9DEA00F02864 /* NAAboutUsController.xib */,
				5659670B1F861FFA007B686E /* NACommonQuestionsController.h */,
				5659670C1F861FFA007B686E /* NACommonQuestionsController.m */,
				4A0959971F8B5988008164B6 /* NABankCardsController.h */,
				4A0959981F8B5988008164B6 /* NABankCardsController.m */,
				4AA8ADB21F8CADCA00B27223 /* NAAddCardController.h */,
				4AA8ADB31F8CADCA00B27223 /* NAAddCardController.m */,
				4AA8ADB41F8CADCA00B27223 /* NAAddCardController.xib */,
			);
			path = ViewController;
			sourceTree = "<group>";
		};
		4A8B10281F8F15EA00498F9D /* Authentication */ = {
			isa = PBXGroup;
			children = (
				4A8B102B1F8F162400498F9D /* Model */,
				4A8B10291F8F162400498F9D /* View */,
				4A8B102A1F8F162400498F9D /* ViewController */,
			);
			path = Authentication;
			sourceTree = "<group>";
		};
		4A8B10291F8F162400498F9D /* View */ = {
			isa = PBXGroup;
			children = (
			);
			path = View;
			sourceTree = "<group>";
		};
		4A8B102A1F8F162400498F9D /* ViewController */ = {
			isa = PBXGroup;
			children = (
				4A8B10341F8F486A00498F9D /* NAIDAuthenticationController.h */,
				4A8B10351F8F486A00498F9D /* NAIDAuthenticationController.m */,
				4A8B10361F8F486A00498F9D /* NAIDAuthenticationController.xib */,
				4A7E033F1F94A19300939486 /* NAIDUserFaceController.h */,
				4A7E03401F94A19300939486 /* NAIDUserFaceController.m */,
				4A7E03411F94A19300939486 /* NAIDUserFaceController.xib */,
				4A7E03441F94BC8D00939486 /* NAIDFaceCameraController.h */,
				4A7E03451F94BC8D00939486 /* NAIDFaceCameraController.m */,
				4A7E03461F94BC8D00939486 /* NAIDFaceCameraController.xib */,
				4A6B14131F98B96D008CD7FA /* face@2x.png */,
				4A6B14101F98A3A2008CD7FA /* NAAuthenticationWebController.h */,
				4A6B14111F98A3A2008CD7FA /* NAAuthenticationWebController.m */,
			);
			path = ViewController;
			sourceTree = "<group>";
		};
		4A8B102B1F8F162400498F9D /* Model */ = {
			isa = PBXGroup;
			children = (
				4A8B10301F8F16BE00498F9D /* NAAuthenticationModel.h */,
				4A8B102F1F8F16BE00498F9D /* NAAuthenticationModel.m */,
			);
			path = Model;
			sourceTree = "<group>";
		};
		4AAEEDA01F4C272D00055CF1 /* Controller */ = {
			isa = PBXGroup;
			children = (
				4AAEEDA11F4C272D00055CF1 /* NANavigationController.h */,
				4AAEEDA21F4C272D00055CF1 /* NANavigationController.m */,
				4AAEEDA31F4C272D00055CF1 /* NATabbarController.h */,
				4AAEEDA41F4C272D00055CF1 /* NATabbarController.m */,
				4AAEEDA51F4C272D00055CF1 /* NAViewControllerCenter.h */,
				4AAEEDA61F4C272D00055CF1 /* NAViewControllerCenter.m */,
			);
			path = Controller;
			sourceTree = "<group>";
		};
		4AAEEDAA1F4C275900055CF1 /* Tool */ = {
			isa = PBXGroup;
			children = (
				4AAEEDAB1F4C277100055CF1 /* NAUserTool.h */,
				4AAEEDAC1F4C277100055CF1 /* NAUserTool.m */,
			);
			path = Tool;
			sourceTree = "<group>";
		};
		4AAEEDAF1F4C306F00055CF1 /* Lib */ = {
			isa = PBXGroup;
			children = (
				4ACF3CF41F4EBCC80030945B /* NAKeyChain.h */,
				4ACF3CF51F4EBCC80030945B /* NAKeyChain.m */,
			);
			path = Lib;
			sourceTree = "<group>";
		};
		4AC6CA3F1F2F23BB00A9308F /* ViewController */ = {
			isa = PBXGroup;
			children = (
				4AC6CA401F2F23D500A9308F /* NAMainPageController.h */,
				4AC6CA411F2F23D500A9308F /* NAMainPageController.m */,
				4AC6CA421F2F23D500A9308F /* NAMainPageController.xib */,
				4A2837B61F501B28001B065C /* NANewMainPageController.h */,
				4A2837B71F501B28001B065C /* NANewMainPageController.m */,
				4A59ACE31F5FD5DC00F3172B /* NACreditReportController.h */,
				4A59ACE41F5FD5DC00F3172B /* NACreditReportController.m */,
			);
			path = ViewController;
			sourceTree = "<group>";
		};
		4AFCA9451F346C3500351B04 /* Common */ = {
			isa = PBXGroup;
			children = (
				4AAEEDAA1F4C275900055CF1 /* Tool */,
				4AAEEDA01F4C272D00055CF1 /* Controller */,
				4AFCA9461F346C3500351B04 /* Base */,
				4AFCA94E1F346C3500351B04 /* Categorys */,
				4AFCA9571F346C3500351B04 /* NACommon.h */,
				4AFCA9581F346C3500351B04 /* NACommon.m */,
				4AFCA95D1F346C3500351B04 /* NetWork */,
			);
			path = Common;
			sourceTree = "<group>";
		};
		4AFCA9461F346C3500351B04 /* Base */ = {
			isa = PBXGroup;
			children = (
				4AFCA9471F346C3500351B04 /* Model */,
				4AFCA9481F346C3500351B04 /* View */,
				4AFCA94B1F346C3500351B04 /* ViewController */,
			);
			path = Base;
			sourceTree = "<group>";
		};
		4AFCA9471F346C3500351B04 /* Model */ = {
			isa = PBXGroup;
			children = (
			);
			path = Model;
			sourceTree = "<group>";
		};
		4AFCA9481F346C3500351B04 /* View */ = {
			isa = PBXGroup;
			children = (
				4AFCA9491F346C3500351B04 /* NANoNetworkView.h */,
				4AFCA94A1F346C3500351B04 /* NANoNetworkView.m */,
				4A6381681F384F71008BC8FD /* NABannerView.h */,
				4A6381691F384F71008BC8FD /* NABannerView.m */,
				4AA9AF1D1F6B83CC0061AD1F /* NAPickerView.h */,
				4AA9AF1E1F6B83CC0061AD1F /* NAPickerView.m */,
			);
			path = View;
			sourceTree = "<group>";
		};
		4AFCA94B1F346C3500351B04 /* ViewController */ = {
			isa = PBXGroup;
			children = (
				4AFCA94C1F346C3500351B04 /* NABaseViewController.h */,
				4AFCA94D1F346C3500351B04 /* NABaseViewController.m */,
				4A7315421F3D604B00044FE6 /* NACommonWebController.h */,
				4A7315431F3D604B00044FE6 /* NACommonWebController.m */,
			);
			path = ViewController;
			sourceTree = "<group>";
		};
		4AFCA94E1F346C3500351B04 /* Categorys */ = {
			isa = PBXGroup;
			children = (
				4AFCA94F1F346C3500351B04 /* NSString+NAExtension.h */,
				4AFCA9501F346C3500351B04 /* NSString+NAExtension.m */,
				4A7315451F3D969800044FE6 /* NSAttributedString+NAExtension.h */,
				4A7315461F3D969800044FE6 /* NSAttributedString+NAExtension.m */,
				4AFCA9511F346C3500351B04 /* UIColor+NAExtension.h */,
				4AFCA9521F346C3500351B04 /* UIColor+NAExtension.m */,
				4AFCA9531F346C3500351B04 /* UIImage+NAExtension.h */,
				4AFCA9541F346C3500351B04 /* UIImage+NAExtension.m */,
				4AFCA9551F346C3500351B04 /* UIView+NAExtension.h */,
				4AFCA9561F346C3500351B04 /* UIView+NAExtension.m */,
				4A59ACE91F5FDD1300F3172B /* UIView+NAScreenshot.h */,
				4A59ACEA1F5FDD1300F3172B /* UIView+NAScreenshot.m */,
				4A59ACEC1F5FDD4A00F3172B /* UIScrollView+NAScreenshot.h */,
				4A59ACED1F5FDD4A00F3172B /* UIScrollView+NAScreenshot.m */,
				4A7F95291F7A5123003D7FB6 /* UINavigationController+NAStatusBar.h */,
				4A7F952A1F7A5123003D7FB6 /* UINavigationController+NAStatusBar.m */,
			);
			path = Categorys;
			sourceTree = "<group>";
		};
		4AFCA95D1F346C3500351B04 /* NetWork */ = {
			isa = PBXGroup;
			children = (
				4AFCA95E1F346C3500351B04 /* NAHTTPSessionManager.h */,
				4AFCA95F1F346C3500351B04 /* NAHTTPSessionManager.m */,
				4AAEED9D1F4C16DD00055CF1 /* NAURLCenter.h */,
				4AAEED9E1F4C16DD00055CF1 /* NAURLCenter.m */,
				4AAEED9A1F4C15AF00055CF1 /* NAAPIModel.h */,
				4AAEED9B1F4C15AF00055CF1 /* NAAPIModel.m */,
			);
			path = NetWork;
			sourceTree = "<group>";
		};
		EB7DB27A2F01D8981D8B8F54 /* Pods */ = {
			isa = PBXGroup;
			children = (
				3978FFBCAEE36D97F2E3E500 /* Pods-NewApix_YK.debug.xcconfig */,
				05C3BF30EBFE337F90B3DCC6 /* Pods-NewApix_YK.release.xcconfig */,
			);
			name = Pods;
			sourceTree = "<group>";
		};
/* End PBXGroup section */

/* Begin PBXNativeTarget section */
		4A037D111F2851A600F38AC0 /* NewApix_YK */ = {
			isa = PBXNativeTarget;
			buildConfigurationList = 4A037D3F1F2851A600F38AC0 /* Build configuration list for PBXNativeTarget "NewApix_YK" */;
			buildPhases = (
				48FCC63DCE24CF95DE404071 /* [CP] Check Pods Manifest.lock */,
				4A037D0E1F2851A600F38AC0 /* Sources */,
				4A037D0F1F2851A600F38AC0 /* Frameworks */,
				4A037D101F2851A600F38AC0 /* Resources */,
				4A1B957BA5B21591903A5E6E /* [CP] Embed Pods Frameworks */,
				9C8619ADE960DD347954D3A1 /* [CP] Copy Pods Resources */,
			);
			buildRules = (
			);
			dependencies = (
			);
			name = NewApix_YK;
			productName = NewApix_YK;
			productReference = 4A037D121F2851A600F38AC0 /* NewApix_YK.app */;
			productType = "com.apple.product-type.application";
		};
		4A037D2A1F2851A600F38AC0 /* NewApix_YKTests */ = {
			isa = PBXNativeTarget;
			buildConfigurationList = 4A037D421F2851A600F38AC0 /* Build configuration list for PBXNativeTarget "NewApix_YKTests" */;
			buildPhases = (
				4A037D271F2851A600F38AC0 /* Sources */,
				4A037D281F2851A600F38AC0 /* Frameworks */,
				4A037D291F2851A600F38AC0 /* Resources */,
			);
			buildRules = (
			);
			dependencies = (
				4A037D2D1F2851A600F38AC0 /* PBXTargetDependency */,
			);
			name = NewApix_YKTests;
			productName = NewApix_YKTests;
			productReference = 4A037D2B1F2851A600F38AC0 /* NewApix_YKTests.xctest */;
			productType = "com.apple.product-type.bundle.unit-test";
		};
		4A037D351F2851A600F38AC0 /* NewApix_YKUITests */ = {
			isa = PBXNativeTarget;
			buildConfigurationList = 4A037D451F2851A600F38AC0 /* Build configuration list for PBXNativeTarget "NewApix_YKUITests" */;
			buildPhases = (
				4A037D321F2851A600F38AC0 /* Sources */,
				4A037D331F2851A600F38AC0 /* Frameworks */,
				4A037D341F2851A600F38AC0 /* Resources */,
			);
			buildRules = (
			);
			dependencies = (
				4A037D381F2851A600F38AC0 /* PBXTargetDependency */,
			);
			name = NewApix_YKUITests;
			productName = NewApix_YKUITests;
			productReference = 4A037D361F2851A600F38AC0 /* NewApix_YKUITests.xctest */;
			productType = "com.apple.product-type.bundle.ui-testing";
		};
/* End PBXNativeTarget section */

/* Begin PBXProject section */
		4A037D0A1F2851A600F38AC0 /* Project object */ = {
			isa = PBXProject;
			attributes = {
				CLASSPREFIX = NA;
				LastUpgradeCheck = 0900;
				ORGANIZATIONNAME = APiX;
				TargetAttributes = {
					4A037D111F2851A600F38AC0 = {
						CreatedOnToolsVersion = 8.3.2;
						DevelopmentTeam = QE4G9JLJ85;
						ProvisioningStyle = Automatic;
					};
					4A037D2A1F2851A600F38AC0 = {
						CreatedOnToolsVersion = 8.3.2;
						DevelopmentTeam = QE4G9JLJ85;
						ProvisioningStyle = Automatic;
						TestTargetID = 4A037D111F2851A600F38AC0;
					};
					4A037D351F2851A600F38AC0 = {
						CreatedOnToolsVersion = 8.3.2;
						DevelopmentTeam = QE4G9JLJ85;
						ProvisioningStyle = Automatic;
						TestTargetID = 4A037D111F2851A600F38AC0;
					};
				};
			};
			buildConfigurationList = 4A037D0D1F2851A600F38AC0 /* Build configuration list for PBXProject "NewApix_YK" */;
			compatibilityVersion = "Xcode 3.2";
			developmentRegion = English;
			hasScannedForEncodings = 0;
			knownRegions = (
				en,
				Base,
			);
			mainGroup = 4A037D091F2851A600F38AC0;
			productRefGroup = 4A037D131F2851A600F38AC0 /* Products */;
			projectDirPath = "";
			projectRoot = "";
			targets = (
				4A037D111F2851A600F38AC0 /* NewApix_YK */,
				4A037D2A1F2851A600F38AC0 /* NewApix_YKTests */,
				4A037D351F2851A600F38AC0 /* NewApix_YKUITests */,
			);
		};
/* End PBXProject section */

/* Begin PBXResourcesBuildPhase section */
		4A037D101F2851A600F38AC0 /* Resources */ = {
			isa = PBXResourcesBuildPhase;
			buildActionMask = 2147483647;
			files = (
				4AD52E1F1F8E262300BA9A5A /* bankType.plist in Resources */,
				4A78505A1F7E3785000C2AD5 /* NAAddressController.xib in Resources */,
				4A2837C21F502B47001B065C /* NAPhoneLoginController.xib in Resources */,
				4A052F801F7113B8003EE147 /* areaArray.plist in Resources */,
				4A7850691F7E4FB5000C2AD5 /* NANewPhoneController.xib in Resources */,
				4A7850641F7E4017000C2AD5 /* NAChangePhoneController.xib in Resources */,
				4A8F18CF1F41ADBC00B5459A /* NACommunityCell.xib in Resources */,
				4AA8ADB61F8CADCA00B27223 /* NAAddCardController.xib in Resources */,
				4AA684E91F667C540041BB2D /* NAPresentSuccessController.xib in Resources */,
				4AC6CA4E1F2F249C00A9308F /* NARegisterController.xib in Resources */,
				4A8B10381F8F486A00498F9D /* NAIDAuthenticationController.xib in Resources */,
				4A6381641F38414D008BC8FD /* NAMainPageCell.xib in Resources */,
				4A037D221F2851A600F38AC0 /* Assets.xcassets in Resources */,
				4AC6CA441F2F23D500A9308F /* NAMainPageController.xib in Resources */,
				4AC6CA491F2F248500A9308F /* NALoginController.xib in Resources */,
				4A7E03481F94BC8D00939486 /* NAIDFaceCameraController.xib in Resources */,
				4AA684DE1F6671DD0041BB2D /* NAPresentCenterController.xib in Resources */,
				4A09599E1F8B59B7008164B6 /* NABankCardCell.xib in Resources */,
				4A2837BD1F502120001B065C /* NAForgetPasswordController.xib in Resources */,
				4A7E03431F94A19300939486 /* NAIDUserFaceController.xib in Resources */,
				4AF392851F46E67F00EF7A3B /* NAMineCell.xib in Resources */,
				4A014D9B1F5579E6005D273E /* new.gif in Resources */,
				4AF392801F46D52200EF7A3B /* NAAdvertisementCell.xib in Resources */,
				4A6B14141F98B96E008CD7FA /* face@2x.png in Resources */,
				4A78505F1F7E3FC3000C2AD5 /* NAChangePasswordController.xib in Resources */,
				4AB108121F7F9DEA00F02864 /* NAAboutUsController.xib in Resources */,
				4A8F18CA1F41AD7800B5459A /* NAEssenceCell.xib in Resources */,
			);
			runOnlyForDeploymentPostprocessing = 0;
		};
		4A037D291F2851A600F38AC0 /* Resources */ = {
			isa = PBXResourcesBuildPhase;
			buildActionMask = 2147483647;
			files = (
			);
			runOnlyForDeploymentPostprocessing = 0;
		};
		4A037D341F2851A600F38AC0 /* Resources */ = {
			isa = PBXResourcesBuildPhase;
			buildActionMask = 2147483647;
			files = (
			);
			runOnlyForDeploymentPostprocessing = 0;
		};
/* End PBXResourcesBuildPhase section */

/* Begin PBXShellScriptBuildPhase section */
		48FCC63DCE24CF95DE404071 /* [CP] Check Pods Manifest.lock */ = {
			isa = PBXShellScriptBuildPhase;
			buildActionMask = 2147483647;
			files = (
			);
			inputPaths = (
			);
			name = "[CP] Check Pods Manifest.lock";
			outputPaths = (
			);
			runOnlyForDeploymentPostprocessing = 0;
			shellPath = /bin/sh;
			shellScript = "diff \"${PODS_ROOT}/../Podfile.lock\" \"${PODS_ROOT}/Manifest.lock\" > /dev/null\nif [ $? != 0 ] ; then\n    # print error to STDERR\n    echo \"error: The sandbox is not in sync with the Podfile.lock. Run 'pod install' or update your CocoaPods installation.\" >&2\n    exit 1\nfi\n";
			showEnvVarsInLog = 0;
		};
		4A1B957BA5B21591903A5E6E /* [CP] Embed Pods Frameworks */ = {
			isa = PBXShellScriptBuildPhase;
			buildActionMask = 2147483647;
			files = (
			);
			inputPaths = (
			);
			name = "[CP] Embed Pods Frameworks";
			outputPaths = (
			);
			runOnlyForDeploymentPostprocessing = 0;
			shellPath = /bin/sh;
			shellScript = "\"${SRCROOT}/Pods/Target Support Files/Pods-NewApix_YK/Pods-NewApix_YK-frameworks.sh\"\n";
			showEnvVarsInLog = 0;
		};
		9C8619ADE960DD347954D3A1 /* [CP] Copy Pods Resources */ = {
			isa = PBXShellScriptBuildPhase;
			buildActionMask = 2147483647;
			files = (
			);
			inputPaths = (
			);
			name = "[CP] Copy Pods Resources";
			outputPaths = (
			);
			runOnlyForDeploymentPostprocessing = 0;
			shellPath = /bin/sh;
			shellScript = "\"${SRCROOT}/Pods/Target Support Files/Pods-NewApix_YK/Pods-NewApix_YK-resources.sh\"\n";
			showEnvVarsInLog = 0;
		};
/* End PBXShellScriptBuildPhase section */

/* Begin PBXSourcesBuildPhase section */
		4A037D0E1F2851A600F38AC0 /* Sources */ = {
			isa = PBXSourcesBuildPhase;
			buildActionMask = 2147483647;
			files = (
				4A8B10331F8F17DA00498F9D /* NAAuthenticationModel.m in Sources */,
				4A7850571F7E3764000C2AD5 /* NAAddressModel.m in Sources */,
				4A7850581F7E3764000C2AD5 /* NAAddressController.m in Sources */,
				4A7850591F7E3764000C2AD5 /* NASettingsController.m in Sources */,
				4A7F952B1F7A5123003D7FB6 /* UINavigationController+NAStatusBar.m in Sources */,
				4AAEED961F4C083300055CF1 /* NAMineModel.m in Sources */,
				4A7850631F7E4017000C2AD5 /* NAChangePhoneController.m in Sources */,
				4AB108111F7F9DEA00F02864 /* NAAboutUsController.m in Sources */,
				4AA9AF1F1F6B83CC0061AD1F /* NAPickerView.m in Sources */,
				4A2837C11F502B47001B065C /* NAPhoneLoginController.m in Sources */,
				4AC6CA4D1F2F249C00A9308F /* NARegisterController.m in Sources */,
				4AC6CA481F2F248500A9308F /* NALoginController.m in Sources */,
				4A7315441F3D604B00044FE6 /* NACommonWebController.m in Sources */,
				4AAEEDA81F4C272D00055CF1 /* NATabbarController.m in Sources */,
				4A6381631F38414D008BC8FD /* NAMainPageCell.m in Sources */,
				4A0959A11F8B67EC008164B6 /* NABankCardModel.m in Sources */,
				4AFF28D81F4AC70700964EBC /* NAMineOrderModel.m in Sources */,
				4AFCA9421F346B3D00351B04 /* AppDelegate.m in Sources */,
				4ACF3CF61F4EBCC80030945B /* NAKeyChain.m in Sources */,
				4AF392841F46E67F00EF7A3B /* NAMineCell.m in Sources */,
				4AFCA9691F346C3500351B04 /* NAHTTPSessionManager.m in Sources */,
				4A7850681F7E4FB5000C2AD5 /* NANewPhoneController.m in Sources */,
				4A8F18CE1F41ADBC00B5459A /* NACommunityCell.m in Sources */,
				4AF392781F46D41200EF7A3B /* NAEssenceModel.m in Sources */,
				4AAEEDA71F4C272D00055CF1 /* NANavigationController.m in Sources */,
				4A6B14121F98A3A2008CD7FA /* NAAuthenticationWebController.m in Sources */,
				4AFCA9661F346C3500351B04 /* NACommon.m in Sources */,
				4AF3927B1F46D44500EF7A3B /* NACommunityModel.m in Sources */,
				4A8B10371F8F486A00498F9D /* NAIDAuthenticationController.m in Sources */,
				4AFCA9611F346C3500351B04 /* NABaseViewController.m in Sources */,
				4A59ACEB1F5FDD1300F3172B /* UIView+NAScreenshot.m in Sources */,
				4A09599D1F8B59B7008164B6 /* NABankCardCell.m in Sources */,
				4A59ACE51F5FD5DC00F3172B /* NACreditReportController.m in Sources */,
				4AFCA9621F346C3500351B04 /* NSString+NAExtension.m in Sources */,
				4A59ACE81F5FD67F00F3172B /* NAMeixinVIPController.m in Sources */,
				4A2837BC1F502120001B065C /* NAForgetPasswordController.m in Sources */,
				4AFCA9631F346C3500351B04 /* UIColor+NAExtension.m in Sources */,
				4AC6CA521F2F24B800A9308F /* NAMeixinSayController.m in Sources */,
				4AA684DD1F6671DD0041BB2D /* NAPresentCenterController.m in Sources */,
				4AF3927F1F46D52200EF7A3B /* NAAdvertisementCell.m in Sources */,
				4AA684E81F667C540041BB2D /* NAPresentSuccessController.m in Sources */,
				4A59ACEE1F5FDD4A00F3172B /* UIScrollView+NAScreenshot.m in Sources */,
				4AAEED9F1F4C16DD00055CF1 /* NAURLCenter.m in Sources */,
				4AFCA9441F346B3D00351B04 /* main.m in Sources */,
				4A6381671F3841D5008BC8FD /* NAMainCardModel.m in Sources */,
				4AFCA9651F346C3500351B04 /* UIView+NAExtension.m in Sources */,
				4A7E03471F94BC8D00939486 /* NAIDFaceCameraController.m in Sources */,
				4A7E03421F94A19300939486 /* NAIDUserFaceController.m in Sources */,
				4A63816A1F384F71008BC8FD /* NABannerView.m in Sources */,
				4AFCA9641F346C3500351B04 /* UIImage+NAExtension.m in Sources */,
				4AAEEDA91F4C272D00055CF1 /* NAViewControllerCenter.m in Sources */,
				4AFF28DB1F4AC8C000964EBC /* NAUserInfoModel.m in Sources */,
				4A78505E1F7E3FC3000C2AD5 /* NAChangePasswordController.m in Sources */,
				4A2837B81F501B28001B065C /* NANewMainPageController.m in Sources */,
				4AAEED9C1F4C15AF00055CF1 /* NAAPIModel.m in Sources */,
				5659670D1F861FFA007B686E /* NACommonQuestionsController.m in Sources */,
				4A7315471F3D969800044FE6 /* NSAttributedString+NAExtension.m in Sources */,
				4AFCA9601F346C3500351B04 /* NANoNetworkView.m in Sources */,
				4A0959991F8B5988008164B6 /* NABankCardsController.m in Sources */,
				4AAEEDAD1F4C277100055CF1 /* NAUserTool.m in Sources */,
				4AC6CA571F2F24C800A9308F /* NAMineController.m in Sources */,
				4AC6CA431F2F23D500A9308F /* NAMainPageController.m in Sources */,
				4AA8ADB51F8CADCA00B27223 /* NAAddCardController.m in Sources */,
				4A8F18C91F41AD7800B5459A /* NAEssenceCell.m in Sources */,
				4AF392881F46E69600EF7A3B /* NAMineHeaderView.m in Sources */,
			);
			runOnlyForDeploymentPostprocessing = 0;
		};
		4A037D271F2851A600F38AC0 /* Sources */ = {
			isa = PBXSourcesBuildPhase;
			buildActionMask = 2147483647;
			files = (
				4A037D301F2851A600F38AC0 /* NewApix_YKTests.m in Sources */,
			);
			runOnlyForDeploymentPostprocessing = 0;
		};
		4A037D321F2851A600F38AC0 /* Sources */ = {
			isa = PBXSourcesBuildPhase;
			buildActionMask = 2147483647;
			files = (
				4A037D3B1F2851A600F38AC0 /* NewApix_YKUITests.m in Sources */,
			);
			runOnlyForDeploymentPostprocessing = 0;
		};
/* End PBXSourcesBuildPhase section */

/* Begin PBXTargetDependency section */
		4A037D2D1F2851A600F38AC0 /* PBXTargetDependency */ = {
			isa = PBXTargetDependency;
			target = 4A037D111F2851A600F38AC0 /* NewApix_YK */;
			targetProxy = 4A037D2C1F2851A600F38AC0 /* PBXContainerItemProxy */;
		};
		4A037D381F2851A600F38AC0 /* PBXTargetDependency */ = {
			isa = PBXTargetDependency;
			target = 4A037D111F2851A600F38AC0 /* NewApix_YK */;
			targetProxy = 4A037D371F2851A600F38AC0 /* PBXContainerItemProxy */;
		};
/* End PBXTargetDependency section */

/* Begin XCBuildConfiguration section */
		4A037D3D1F2851A600F38AC0 /* Debug */ = {
			isa = XCBuildConfiguration;
			buildSettings = {
				ALWAYS_SEARCH_USER_PATHS = NO;
				CLANG_ANALYZER_NONNULL = YES;
				CLANG_ANALYZER_NUMBER_OBJECT_CONVERSION = YES_AGGRESSIVE;
				CLANG_CXX_LANGUAGE_STANDARD = "gnu++0x";
				CLANG_CXX_LIBRARY = "libc++";
				CLANG_ENABLE_MODULES = YES;
				CLANG_ENABLE_OBJC_ARC = YES;
				CLANG_WARN_BLOCK_CAPTURE_AUTORELEASING = YES;
				CLANG_WARN_BOOL_CONVERSION = YES;
				CLANG_WARN_COMMA = YES;
				CLANG_WARN_CONSTANT_CONVERSION = YES;
				CLANG_WARN_DIRECT_OBJC_ISA_USAGE = YES_ERROR;
				CLANG_WARN_DOCUMENTATION_COMMENTS = YES;
				CLANG_WARN_EMPTY_BODY = YES;
				CLANG_WARN_ENUM_CONVERSION = YES;
				CLANG_WARN_INFINITE_RECURSION = YES;
				CLANG_WARN_INT_CONVERSION = YES;
				CLANG_WARN_NON_LITERAL_NULL_CONVERSION = YES;
				CLANG_WARN_OBJC_LITERAL_CONVERSION = YES;
				CLANG_WARN_OBJC_ROOT_CLASS = YES_ERROR;
				CLANG_WARN_RANGE_LOOP_ANALYSIS = YES;
				CLANG_WARN_STRICT_PROTOTYPES = YES;
				CLANG_WARN_SUSPICIOUS_MOVE = YES;
				CLANG_WARN_UNREACHABLE_CODE = YES;
				CLANG_WARN__DUPLICATE_METHOD_MATCH = YES;
				"CODE_SIGN_IDENTITY[sdk=iphoneos*]" = "iPhone Developer";
				COPY_PHASE_STRIP = NO;
				DEBUG_INFORMATION_FORMAT = dwarf;
				ENABLE_STRICT_OBJC_MSGSEND = YES;
				ENABLE_TESTABILITY = YES;
				GCC_C_LANGUAGE_STANDARD = gnu99;
				GCC_DYNAMIC_NO_PIC = NO;
				GCC_NO_COMMON_BLOCKS = YES;
				GCC_OPTIMIZATION_LEVEL = 0;
				GCC_PREPROCESSOR_DEFINITIONS = (
					"DEBUG=1",
					"$(inherited)",
				);
				GCC_WARN_64_TO_32_BIT_CONVERSION = YES;
				GCC_WARN_ABOUT_RETURN_TYPE = YES_ERROR;
				GCC_WARN_UNDECLARED_SELECTOR = YES;
				GCC_WARN_UNINITIALIZED_AUTOS = YES_AGGRESSIVE;
				GCC_WARN_UNUSED_FUNCTION = YES;
				GCC_WARN_UNUSED_VARIABLE = YES;
				IPHONEOS_DEPLOYMENT_TARGET = 10.3;
				MTL_ENABLE_DEBUG_INFO = YES;
				ONLY_ACTIVE_ARCH = YES;
				SDKROOT = iphoneos;
			};
			name = Debug;
		};
		4A037D3E1F2851A600F38AC0 /* Release */ = {
			isa = XCBuildConfiguration;
			buildSettings = {
				ALWAYS_SEARCH_USER_PATHS = NO;
				CLANG_ANALYZER_NONNULL = YES;
				CLANG_ANALYZER_NUMBER_OBJECT_CONVERSION = YES_AGGRESSIVE;
				CLANG_CXX_LANGUAGE_STANDARD = "gnu++0x";
				CLANG_CXX_LIBRARY = "libc++";
				CLANG_ENABLE_MODULES = YES;
				CLANG_ENABLE_OBJC_ARC = YES;
				CLANG_WARN_BLOCK_CAPTURE_AUTORELEASING = YES;
				CLANG_WARN_BOOL_CONVERSION = YES;
				CLANG_WARN_COMMA = YES;
				CLANG_WARN_CONSTANT_CONVERSION = YES;
				CLANG_WARN_DIRECT_OBJC_ISA_USAGE = YES_ERROR;
				CLANG_WARN_DOCUMENTATION_COMMENTS = YES;
				CLANG_WARN_EMPTY_BODY = YES;
				CLANG_WARN_ENUM_CONVERSION = YES;
				CLANG_WARN_INFINITE_RECURSION = YES;
				CLANG_WARN_INT_CONVERSION = YES;
				CLANG_WARN_NON_LITERAL_NULL_CONVERSION = YES;
				CLANG_WARN_OBJC_LITERAL_CONVERSION = YES;
				CLANG_WARN_OBJC_ROOT_CLASS = YES_ERROR;
				CLANG_WARN_RANGE_LOOP_ANALYSIS = YES;
				CLANG_WARN_STRICT_PROTOTYPES = YES;
				CLANG_WARN_SUSPICIOUS_MOVE = YES;
				CLANG_WARN_UNREACHABLE_CODE = YES;
				CLANG_WARN__DUPLICATE_METHOD_MATCH = YES;
				"CODE_SIGN_IDENTITY[sdk=iphoneos*]" = "iPhone Developer";
				COPY_PHASE_STRIP = NO;
				DEBUG_INFORMATION_FORMAT = "dwarf-with-dsym";
				ENABLE_NS_ASSERTIONS = NO;
				ENABLE_STRICT_OBJC_MSGSEND = YES;
				GCC_C_LANGUAGE_STANDARD = gnu99;
				GCC_NO_COMMON_BLOCKS = YES;
				GCC_WARN_64_TO_32_BIT_CONVERSION = YES;
				GCC_WARN_ABOUT_RETURN_TYPE = YES_ERROR;
				GCC_WARN_UNDECLARED_SELECTOR = YES;
				GCC_WARN_UNINITIALIZED_AUTOS = YES_AGGRESSIVE;
				GCC_WARN_UNUSED_FUNCTION = YES;
				GCC_WARN_UNUSED_VARIABLE = YES;
				IPHONEOS_DEPLOYMENT_TARGET = 10.3;
				MTL_ENABLE_DEBUG_INFO = NO;
				SDKROOT = iphoneos;
				VALIDATE_PRODUCT = YES;
			};
			name = Release;
		};
		4A037D401F2851A600F38AC0 /* Debug */ = {
			isa = XCBuildConfiguration;
			baseConfigurationReference = 3978FFBCAEE36D97F2E3E500 /* Pods-NewApix_YK.debug.xcconfig */;
			buildSettings = {
				ASSETCATALOG_COMPILER_APPICON_NAME = AppIcon;
				ASSETCATALOG_COMPILER_LAUNCHIMAGE_NAME = LaunchImage;
				DEVELOPMENT_TEAM = QE4G9JLJ85;
				GCC_PREFIX_HEADER = NewApix_YK/NA.pch;
				INFOPLIST_FILE = "$(SRCROOT)/NewApix_YK/Info.plist";
				IPHONEOS_DEPLOYMENT_TARGET = 9.0;
				LD_RUNPATH_SEARCH_PATHS = "$(inherited) @executable_path/Frameworks";
				PRODUCT_BUNDLE_IDENTIFIER = com.heige.meixinlife;
				PRODUCT_NAME = "$(TARGET_NAME)";
				TARGETED_DEVICE_FAMILY = 1;
			};
			name = Debug;
		};
		4A037D411F2851A600F38AC0 /* Release */ = {
			isa = XCBuildConfiguration;
			baseConfigurationReference = 05C3BF30EBFE337F90B3DCC6 /* Pods-NewApix_YK.release.xcconfig */;
			buildSettings = {
				ASSETCATALOG_COMPILER_APPICON_NAME = AppIcon;
				ASSETCATALOG_COMPILER_LAUNCHIMAGE_NAME = LaunchImage;
				DEVELOPMENT_TEAM = QE4G9JLJ85;
				GCC_PREFIX_HEADER = NewApix_YK/NA.pch;
				INFOPLIST_FILE = "$(SRCROOT)/NewApix_YK/Info.plist";
				IPHONEOS_DEPLOYMENT_TARGET = 9.0;
				LD_RUNPATH_SEARCH_PATHS = "$(inherited) @executable_path/Frameworks";
				PRODUCT_BUNDLE_IDENTIFIER = com.heige.meixinlife;
				PRODUCT_NAME = "$(TARGET_NAME)";
				TARGETED_DEVICE_FAMILY = 1;
			};
			name = Release;
		};
		4A037D431F2851A600F38AC0 /* Debug */ = {
			isa = XCBuildConfiguration;
			buildSettings = {
				BUNDLE_LOADER = "$(TEST_HOST)";
				DEVELOPMENT_TEAM = QE4G9JLJ85;
				INFOPLIST_FILE = NewApix_YKTests/Info.plist;
				LD_RUNPATH_SEARCH_PATHS = "$(inherited) @executable_path/Frameworks @loader_path/Frameworks";
				PRODUCT_BUNDLE_IDENTIFIER = "com.heige.NewApix-YKTests";
				PRODUCT_NAME = "$(TARGET_NAME)";
				TEST_HOST = "$(BUILT_PRODUCTS_DIR)/NewApix_YK.app/NewApix_YK";
			};
			name = Debug;
		};
		4A037D441F2851A600F38AC0 /* Release */ = {
			isa = XCBuildConfiguration;
			buildSettings = {
				BUNDLE_LOADER = "$(TEST_HOST)";
				DEVELOPMENT_TEAM = QE4G9JLJ85;
				INFOPLIST_FILE = NewApix_YKTests/Info.plist;
				LD_RUNPATH_SEARCH_PATHS = "$(inherited) @executable_path/Frameworks @loader_path/Frameworks";
				PRODUCT_BUNDLE_IDENTIFIER = "com.heige.NewApix-YKTests";
				PRODUCT_NAME = "$(TARGET_NAME)";
				TEST_HOST = "$(BUILT_PRODUCTS_DIR)/NewApix_YK.app/NewApix_YK";
			};
			name = Release;
		};
		4A037D461F2851A600F38AC0 /* Debug */ = {
			isa = XCBuildConfiguration;
			buildSettings = {
				DEVELOPMENT_TEAM = QE4G9JLJ85;
				INFOPLIST_FILE = NewApix_YKUITests/Info.plist;
				LD_RUNPATH_SEARCH_PATHS = "$(inherited) @executable_path/Frameworks @loader_path/Frameworks";
				PRODUCT_BUNDLE_IDENTIFIER = "com.heige.NewApix-YKUITests";
				PRODUCT_NAME = "$(TARGET_NAME)";
				TEST_TARGET_NAME = NewApix_YK;
			};
			name = Debug;
		};
		4A037D471F2851A600F38AC0 /* Release */ = {
			isa = XCBuildConfiguration;
			buildSettings = {
				DEVELOPMENT_TEAM = QE4G9JLJ85;
				INFOPLIST_FILE = NewApix_YKUITests/Info.plist;
				LD_RUNPATH_SEARCH_PATHS = "$(inherited) @executable_path/Frameworks @loader_path/Frameworks";
				PRODUCT_BUNDLE_IDENTIFIER = "com.heige.NewApix-YKUITests";
				PRODUCT_NAME = "$(TARGET_NAME)";
				TEST_TARGET_NAME = NewApix_YK;
			};
			name = Release;
		};
/* End XCBuildConfiguration section */

/* Begin XCConfigurationList section */
		4A037D0D1F2851A600F38AC0 /* Build configuration list for PBXProject "NewApix_YK" */ = {
			isa = XCConfigurationList;
			buildConfigurations = (
				4A037D3D1F2851A600F38AC0 /* Debug */,
				4A037D3E1F2851A600F38AC0 /* Release */,
			);
			defaultConfigurationIsVisible = 0;
			defaultConfigurationName = Release;
		};
		4A037D3F1F2851A600F38AC0 /* Build configuration list for PBXNativeTarget "NewApix_YK" */ = {
			isa = XCConfigurationList;
			buildConfigurations = (
				4A037D401F2851A600F38AC0 /* Debug */,
				4A037D411F2851A600F38AC0 /* Release */,
			);
			defaultConfigurationIsVisible = 0;
			defaultConfigurationName = Release;
		};
		4A037D421F2851A600F38AC0 /* Build configuration list for PBXNativeTarget "NewApix_YKTests" */ = {
			isa = XCConfigurationList;
			buildConfigurations = (
				4A037D431F2851A600F38AC0 /* Debug */,
				4A037D441F2851A600F38AC0 /* Release */,
			);
			defaultConfigurationIsVisible = 0;
			defaultConfigurationName = Release;
		};
		4A037D451F2851A600F38AC0 /* Build configuration list for PBXNativeTarget "NewApix_YKUITests" */ = {
			isa = XCConfigurationList;
			buildConfigurations = (
				4A037D461F2851A600F38AC0 /* Debug */,
				4A037D471F2851A600F38AC0 /* Release */,
			);
			defaultConfigurationIsVisible = 0;
			defaultConfigurationName = Release;
		};
/* End XCConfigurationList section */
	};
	rootObject = 4A037D0A1F2851A600F38AC0 /* Project object */;
}
